// !$*UTF8*$!
{
	archiveVersion = 1;
	classes = {
	};
	objectVersion = 50;
	objects = {

/* Begin PBXBuildFile section */
		B13C8F7A248624EC00716B7D /* CompositeViewController.m in Sources */ = {isa = PBXBuildFile; fileRef = B13C8F79248624EC00716B7D /* CompositeViewController.m */; };
		B13C8F7D2486250800716B7D /* DecoratorViewController.m in Sources */ = {isa = PBXBuildFile; fileRef = B13C8F7C2486250800716B7D /* DecoratorViewController.m */; };
		B13C8F80248625A100716B7D /* Employee.m in Sources */ = {isa = PBXBuildFile; fileRef = B13C8F7F248625A100716B7D /* Employee.m */; };
		B13C8F862487554400716B7D /* Dcircle.m in Sources */ = {isa = PBXBuildFile; fileRef = B13C8F852487554400716B7D /* Dcircle.m */; };
		B13C8F892487555900716B7D /* Drectangle.m in Sources */ = {isa = PBXBuildFile; fileRef = B13C8F882487555900716B7D /* Drectangle.m */; };
		B13C8F8C248755FF00716B7D /* ColorDecorator.m in Sources */ = {isa = PBXBuildFile; fileRef = B13C8F8B248755FF00716B7D /* ColorDecorator.m */; };
		B13C8F8F2487586C00716B7D /* RedColorDecorator.m in Sources */ = {isa = PBXBuildFile; fileRef = B13C8F8E2487586C00716B7D /* RedColorDecorator.m */; };
		B13C8F92248773F900716B7D /* FacadeViewController.m in Sources */ = {isa = PBXBuildFile; fileRef = B13C8F91248773F900716B7D /* FacadeViewController.m */; };
		B13C8F952487742300716B7D /* ShapeMaker.m in Sources */ = {isa = PBXBuildFile; fileRef = B13C8F942487742300716B7D /* ShapeMaker.m */; };
		B13C8F9824877B5900716B7D /* ProxyViewController.m in Sources */ = {isa = PBXBuildFile; fileRef = B13C8F9724877B5900716B7D /* ProxyViewController.m */; };
		B13C8F9B24877B7700716B7D /* RealImage.m in Sources */ = {isa = PBXBuildFile; fileRef = B13C8F9A24877B7700716B7D /* RealImage.m */; };
		B13C8F9E24877B8300716B7D /* ProxyImage.m in Sources */ = {isa = PBXBuildFile; fileRef = B13C8F9D24877B8300716B7D /* ProxyImage.m */; };
		B13C8FAB2487D8C900716B7D /* FlyweightViewController.m in Sources */ = {isa = PBXBuildFile; fileRef = B13C8FAA2487D8C900716B7D /* FlyweightViewController.m */; };
		B13C8FAE2487D90700716B7D /* FCircle.m in Sources */ = {isa = PBXBuildFile; fileRef = B13C8FAD2487D90700716B7D /* FCircle.m */; };
		B13C8FB12487D99D00716B7D /* FlyShapeFactory.m in Sources */ = {isa = PBXBuildFile; fileRef = B13C8FB02487D99D00716B7D /* FlyShapeFactory.m */; };
		B14875D12480E1BD00D9B216 /* FilterViewController.m in Sources */ = {isa = PBXBuildFile; fileRef = B14875D02480E1BD00D9B216 /* FilterViewController.m */; };
		B14875D42480E1EA00D9B216 /* Fperson.m in Sources */ = {isa = PBXBuildFile; fileRef = B14875D32480E1EA00D9B216 /* Fperson.m */; };
		B14875D82480E28300D9B216 /* AndCriteria.m in Sources */ = {isa = PBXBuildFile; fileRef = B14875D72480E28300D9B216 /* AndCriteria.m */; };
		B14875DB2480E29F00D9B216 /* OrCriteria.m in Sources */ = {isa = PBXBuildFile; fileRef = B14875DA2480E29F00D9B216 /* OrCriteria.m */; };
		B14875DE2480E2B900D9B216 /* MaleCriteria.m in Sources */ = {isa = PBXBuildFile; fileRef = B14875DD2480E2B900D9B216 /* MaleCriteria.m */; };
		B14875E12480E2CD00D9B216 /* FemaleCriteria.m in Sources */ = {isa = PBXBuildFile; fileRef = B14875E02480E2CD00D9B216 /* FemaleCriteria.m */; };
		B14875E42480F3F700D9B216 /* MarriedCriteria.m in Sources */ = {isa = PBXBuildFile; fileRef = B14875E32480F3F700D9B216 /* MarriedCriteria.m */; };
		B14C2FA5246650380078CD4A /* ProtoShape.m in Sources */ = {isa = PBXBuildFile; fileRef = B14C2FA4246650380078CD4A /* ProtoShape.m */; };
		B14C2FA8246650610078CD4A /* ProtoCircle.m in Sources */ = {isa = PBXBuildFile; fileRef = B14C2FA7246650610078CD4A /* ProtoCircle.m */; };
		B14C2FAB2466506F0078CD4A /* ProtoRectangle.m in Sources */ = {isa = PBXBuildFile; fileRef = B14C2FAA2466506F0078CD4A /* ProtoRectangle.m */; };
		B14C2FAE2466507A0078CD4A /* ProtoSquare.m in Sources */ = {isa = PBXBuildFile; fileRef = B14C2FAD2466507A0078CD4A /* ProtoSquare.m */; };
		B14C2FB1246650980078CD4A /* ShapeCache.m in Sources */ = {isa = PBXBuildFile; fileRef = B14C2FB0246650980078CD4A /* ShapeCache.m */; };
		B14C2FB424665D380078CD4A /* AdapterViewController.m in Sources */ = {isa = PBXBuildFile; fileRef = B14C2FB324665D380078CD4A /* AdapterViewController.m */; };
		B14C2FB924665F6B0078CD4A /* VlcPlayer.m in Sources */ = {isa = PBXBuildFile; fileRef = B14C2FB824665F6B0078CD4A /* VlcPlayer.m */; };
		B14C2FBC24665F7B0078CD4A /* MP4Player.m in Sources */ = {isa = PBXBuildFile; fileRef = B14C2FBB24665F7B0078CD4A /* MP4Player.m */; };
		B14C2FBF246662090078CD4A /* AudioPlayer.m in Sources */ = {isa = PBXBuildFile; fileRef = B14C2FBE246662090078CD4A /* AudioPlayer.m */; };
		B14C2FC224667F3A0078CD4A /* MediaAdapter.m in Sources */ = {isa = PBXBuildFile; fileRef = B14C2FC124667F3A0078CD4A /* MediaAdapter.m */; };
		B15267962489F01800FA87F5 /* ChainViewController.m in Sources */ = {isa = PBXBuildFile; fileRef = B15267952489F01800FA87F5 /* ChainViewController.m */; };
		B15267992489F45200FA87F5 /* AbstractLogger.m in Sources */ = {isa = PBXBuildFile; fileRef = B15267982489F45200FA87F5 /* AbstractLogger.m */; };
		B152679C2489F48400FA87F5 /* FileLogger.m in Sources */ = {isa = PBXBuildFile; fileRef = B152679B2489F48400FA87F5 /* FileLogger.m */; };
		B152679F2489F49200FA87F5 /* StandardLogger.m in Sources */ = {isa = PBXBuildFile; fileRef = B152679E2489F49200FA87F5 /* StandardLogger.m */; };
		B15267A22489F50D00FA87F5 /* ErrorLogger.m in Sources */ = {isa = PBXBuildFile; fileRef = B15267A12489F50D00FA87F5 /* ErrorLogger.m */; };
		B15267A5248DE64B00FA87F5 /* CommandViewController.m in Sources */ = {isa = PBXBuildFile; fileRef = B15267A4248DE64B00FA87F5 /* CommandViewController.m */; };
		B15267A9248DE6AB00FA87F5 /* CSellOrder.m in Sources */ = {isa = PBXBuildFile; fileRef = B15267A8248DE6AB00FA87F5 /* CSellOrder.m */; };
		B15267AC248DE6B700FA87F5 /* CBuyOrder.m in Sources */ = {isa = PBXBuildFile; fileRef = B15267AB248DE6B700FA87F5 /* CBuyOrder.m */; };
		B15267AF248DE73000FA87F5 /* Stock.m in Sources */ = {isa = PBXBuildFile; fileRef = B15267AE248DE73000FA87F5 /* Stock.m */; };
		B15267B2248DE81700FA87F5 /* Broker.m in Sources */ = {isa = PBXBuildFile; fileRef = B15267B1248DE81700FA87F5 /* Broker.m */; };
		B15267B8248DEF9B00FA87F5 /* InterpreterViewController.m in Sources */ = {isa = PBXBuildFile; fileRef = B15267B7248DEF9B00FA87F5 /* InterpreterViewController.m */; };
		B15267BB248E0D4800FA87F5 /* StateViewController.m in Sources */ = {isa = PBXBuildFile; fileRef = B15267BA248E0D4800FA87F5 /* StateViewController.m */; };
		B15267BE248E0D7600FA87F5 /* Scontext.m in Sources */ = {isa = PBXBuildFile; fileRef = B15267BD248E0D7600FA87F5 /* Scontext.m */; };
		B15267C1248E0D8300FA87F5 /* StopState.m in Sources */ = {isa = PBXBuildFile; fileRef = B15267C0248E0D8300FA87F5 /* StopState.m */; };
		B15267C4248E0D8E00FA87F5 /* StartState.m in Sources */ = {isa = PBXBuildFile; fileRef = B15267C3248E0D8E00FA87F5 /* StartState.m */; };
		B15526222494ACC100B9748A /* TemplateViewController.m in Sources */ = {isa = PBXBuildFile; fileRef = B15526212494ACC100B9748A /* TemplateViewController.m */; };
		B15526252494ACCC00B9748A /* Game.m in Sources */ = {isa = PBXBuildFile; fileRef = B15526242494ACCC00B9748A /* Game.m */; };
		B15526282494AD0B00B9748A /* Cricket.m in Sources */ = {isa = PBXBuildFile; fileRef = B15526272494AD0B00B9748A /* Cricket.m */; };
		B155262B2494AD1300B9748A /* Football.m in Sources */ = {isa = PBXBuildFile; fileRef = B155262A2494AD1300B9748A /* Football.m */; };
		B155262E2494B1F800B9748A /* MementoViewController.m in Sources */ = {isa = PBXBuildFile; fileRef = B155262D2494B1F800B9748A /* MementoViewController.m */; };
		B15526312494B21100B9748A /* Memento.m in Sources */ = {isa = PBXBuildFile; fileRef = B15526302494B21100B9748A /* Memento.m */; };
		B15526342494B21F00B9748A /* CareTaker.m in Sources */ = {isa = PBXBuildFile; fileRef = B15526332494B21F00B9748A /* CareTaker.m */; };
		B15526372494B23000B9748A /* Originer.m in Sources */ = {isa = PBXBuildFile; fileRef = B15526362494B23000B9748A /* Originer.m */; };
		B155263A2494BA9900B9748A /* ChatRoom.m in Sources */ = {isa = PBXBuildFile; fileRef = B15526392494BA9900B9748A /* ChatRoom.m */; };
		B155263D2494BAA300B9748A /* ChatUser.m in Sources */ = {isa = PBXBuildFile; fileRef = B155263C2494BAA300B9748A /* ChatUser.m */; };
		B15526402494BAB400B9748A /* MediatorViewController.m in Sources */ = {isa = PBXBuildFile; fileRef = B155263F2494BAB400B9748A /* MediatorViewController.m */; };
		B1693503243F15B9009F5C01 /* AppDelegate.m in Sources */ = {isa = PBXBuildFile; fileRef = B1693502243F15B9009F5C01 /* AppDelegate.m */; };
		B1693506243F15B9009F5C01 /* SceneDelegate.m in Sources */ = {isa = PBXBuildFile; fileRef = B1693505243F15B9009F5C01 /* SceneDelegate.m */; };
		B1693509243F15B9009F5C01 /* ViewController.m in Sources */ = {isa = PBXBuildFile; fileRef = B1693508243F15B9009F5C01 /* ViewController.m */; };
		B169350C243F15B9009F5C01 /* Main.storyboard in Resources */ = {isa = PBXBuildFile; fileRef = B169350A243F15B9009F5C01 /* Main.storyboard */; };
		B169350E243F15BB009F5C01 /* Assets.xcassets in Resources */ = {isa = PBXBuildFile; fileRef = B169350D243F15BB009F5C01 /* Assets.xcassets */; };
		B1693511243F15BB009F5C01 /* LaunchScreen.storyboard in Resources */ = {isa = PBXBuildFile; fileRef = B169350F243F15BB009F5C01 /* LaunchScreen.storyboard */; };
		B1693514243F15BB009F5C01 /* main.m in Sources */ = {isa = PBXBuildFile; fileRef = B1693513243F15BB009F5C01 /* main.m */; };
		B169351E243F15BB009F5C01 /* PatternsDemoTests.m in Sources */ = {isa = PBXBuildFile; fileRef = B169351D243F15BB009F5C01 /* PatternsDemoTests.m */; };
		B1693529243F15BB009F5C01 /* PatternsDemoUITests.m in Sources */ = {isa = PBXBuildFile; fileRef = B1693528243F15BB009F5C01 /* PatternsDemoUITests.m */; };
		B1693554243F18DE009F5C01 /* FactoryViewController.m in Sources */ = {isa = PBXBuildFile; fileRef = B1693553243F18DE009F5C01 /* FactoryViewController.m */; };
		B1693558243F2782009F5C01 /* Square.m in Sources */ = {isa = PBXBuildFile; fileRef = B1693557243F2782009F5C01 /* Square.m */; };
		B169355B243F2799009F5C01 /* Circle.m in Sources */ = {isa = PBXBuildFile; fileRef = B169355A243F2799009F5C01 /* Circle.m */; };
		B169355E243F27A8009F5C01 /* Rectangle.m in Sources */ = {isa = PBXBuildFile; fileRef = B169355D243F27A8009F5C01 /* Rectangle.m */; };
		B1693561243F2885009F5C01 /* ShapeFactory.m in Sources */ = {isa = PBXBuildFile; fileRef = B1693560243F2885009F5C01 /* ShapeFactory.m */; };
		B1A5BF40244D563600BB69DA /* AbstractFactoryViewController.m in Sources */ = {isa = PBXBuildFile; fileRef = B1A5BF3F244D563600BB69DA /* AbstractFactoryViewController.m */; };
		B1A5BF44244D569C00BB69DA /* AColorFactory.m in Sources */ = {isa = PBXBuildFile; fileRef = B1A5BF43244D569C00BB69DA /* AColorFactory.m */; };
		B1A5BF47244D56B000BB69DA /* AShapeFactory.m in Sources */ = {isa = PBXBuildFile; fileRef = B1A5BF46244D56B000BB69DA /* AShapeFactory.m */; };
		B1A5BF4C244D574200BB69DA /* ARed.m in Sources */ = {isa = PBXBuildFile; fileRef = B1A5BF4B244D574200BB69DA /* ARed.m */; };
		B1A5BF4F244D575600BB69DA /* AYellow.m in Sources */ = {isa = PBXBuildFile; fileRef = B1A5BF4E244D575600BB69DA /* AYellow.m */; };
		B1A5BF52244D576400BB69DA /* ABlue.m in Sources */ = {isa = PBXBuildFile; fileRef = B1A5BF51244D576400BB69DA /* ABlue.m */; };
		B1A5BF55244D57FE00BB69DA /* FactoryProducer.m in Sources */ = {isa = PBXBuildFile; fileRef = B1A5BF54244D57FE00BB69DA /* FactoryProducer.m */; };
		B1A5BF58244D581100BB69DA /* ACircle.m in Sources */ = {isa = PBXBuildFile; fileRef = B1A5BF57244D581100BB69DA /* ACircle.m */; };
		B1A5BF5B244D584700BB69DA /* ARect.m in Sources */ = {isa = PBXBuildFile; fileRef = B1A5BF5A244D584700BB69DA /* ARect.m */; };
		B1A5BF5E244D588D00BB69DA /* ATriangle.m in Sources */ = {isa = PBXBuildFile; fileRef = B1A5BF5D244D588D00BB69DA /* ATriangle.m */; };
		B1A5BF61244D742700BB69DA /* SingletonViewController.m in Sources */ = {isa = PBXBuildFile; fileRef = B1A5BF60244D742700BB69DA /* SingletonViewController.m */; };
		B1A5BF64244D743A00BB69DA /* Singleton.m in Sources */ = {isa = PBXBuildFile; fileRef = B1A5BF63244D743A00BB69DA /* Singleton.m */; };
		B1A5BF67244D75E100BB69DA /* BuilderViewController.m in Sources */ = {isa = PBXBuildFile; fileRef = B1A5BF66244D75E100BB69DA /* BuilderViewController.m */; };
		B1A5BF6C244D9DCD00BB69DA /* Wrapper.m in Sources */ = {isa = PBXBuildFile; fileRef = B1A5BF6B244D9DCD00BB69DA /* Wrapper.m */; };
		B1A5BF6F244D9DE600BB69DA /* Bottles.m in Sources */ = {isa = PBXBuildFile; fileRef = B1A5BF6E244D9DE600BB69DA /* Bottles.m */; };
		B1A5BF72244DAA5D00BB69DA /* Burger.m in Sources */ = {isa = PBXBuildFile; fileRef = B1A5BF71244DAA5D00BB69DA /* Burger.m */; };
		B1A5BF75244DAAF300BB69DA /* ColdDrink.m in Sources */ = {isa = PBXBuildFile; fileRef = B1A5BF74244DAAF300BB69DA /* ColdDrink.m */; };
		B1A5BF78244DAB5400BB69DA /* VerBurger.m in Sources */ = {isa = PBXBuildFile; fileRef = B1A5BF77244DAB5400BB69DA /* VerBurger.m */; };
		B1A5BF7B244DAB6500BB69DA /* ChickenBurger.m in Sources */ = {isa = PBXBuildFile; fileRef = B1A5BF7A244DAB6500BB69DA /* ChickenBurger.m */; };
		B1A5BF7E244DAB8300BB69DA /* Pepsi.m in Sources */ = {isa = PBXBuildFile; fileRef = B1A5BF7D244DAB8300BB69DA /* Pepsi.m */; };
		B1A5BF81244DAB9200BB69DA /* Coke.m in Sources */ = {isa = PBXBuildFile; fileRef = B1A5BF80244DAB9200BB69DA /* Coke.m */; };
		B1A5BF84244DACCB00BB69DA /* Meal.m in Sources */ = {isa = PBXBuildFile; fileRef = B1A5BF83244DACCB00BB69DA /* Meal.m */; };
		B1A5BF87244DACDB00BB69DA /* MealBuilder.m in Sources */ = {isa = PBXBuildFile; fileRef = B1A5BF86244DACDB00BB69DA /* MealBuilder.m */; };
		B1A5BF8A244DDCF700BB69DA /* PrototypeViewController.m in Sources */ = {isa = PBXBuildFile; fileRef = B1A5BF89244DDCF700BB69DA /* PrototypeViewController.m */; };
		B1A5BF8E244DDD9900BB69DA /* PrototypeModel.m in Sources */ = {isa = PBXBuildFile; fileRef = B1A5BF8D244DDD9900BB69DA /* PrototypeModel.m */; };
		B1B6542C246E69AA00E2F09B /* BridgeViewController.m in Sources */ = {isa = PBXBuildFile; fileRef = B1B6542B246E69AA00E2F09B /* BridgeViewController.m */; };
		B1B65430246E6A8100E2F09B /* RedCircle.m in Sources */ = {isa = PBXBuildFile; fileRef = B1B6542F246E6A8100E2F09B /* RedCircle.m */; };
		B1B65433246E6AA700E2F09B /* GreenCircle.m in Sources */ = {isa = PBXBuildFile; fileRef = B1B65432246E6AA700E2F09B /* GreenCircle.m */; };
		B1B65437246E6B6300E2F09B /* BridgeCircle.m in Sources */ = {isa = PBXBuildFile; fileRef = B1B65436246E6B6300E2F09B /* BridgeCircle.m */; };
		B1B6543A246E6B9400E2F09B /* BridgeShape.m in Sources */ = {isa = PBXBuildFile; fileRef = B1B65439246E6B9400E2F09B /* BridgeShape.m */; };
/* End PBXBuildFile section */

/* Begin PBXContainerItemProxy section */
		B169351A243F15BB009F5C01 /* PBXContainerItemProxy */ = {
			isa = PBXContainerItemProxy;
			containerPortal = B16934F6243F15B9009F5C01 /* Project object */;
			proxyType = 1;
			remoteGlobalIDString = B16934FD243F15B9009F5C01;
			remoteInfo = PatternsDemo;
		};
		B1693525243F15BB009F5C01 /* PBXContainerItemProxy */ = {
			isa = PBXContainerItemProxy;
			containerPortal = B16934F6243F15B9009F5C01 /* Project object */;
			proxyType = 1;
			remoteGlobalIDString = B16934FD243F15B9009F5C01;
			remoteInfo = PatternsDemo;
		};
/* End PBXContainerItemProxy section */

/* Begin PBXFileReference section */
		B13C8F78248624EC00716B7D /* CompositeViewController.h */ = {isa = PBXFileReference; lastKnownFileType = sourcecode.c.h; path = CompositeViewController.h; sourceTree = "<group>"; };
		B13C8F79248624EC00716B7D /* CompositeViewController.m */ = {isa = PBXFileReference; lastKnownFileType = sourcecode.c.objc; path = CompositeViewController.m; sourceTree = "<group>"; };
		B13C8F7B2486250800716B7D /* DecoratorViewController.h */ = {isa = PBXFileReference; lastKnownFileType = sourcecode.c.h; path = DecoratorViewController.h; sourceTree = "<group>"; };
		B13C8F7C2486250800716B7D /* DecoratorViewController.m */ = {isa = PBXFileReference; lastKnownFileType = sourcecode.c.objc; path = DecoratorViewController.m; sourceTree = "<group>"; };
		B13C8F7E248625A100716B7D /* Employee.h */ = {isa = PBXFileReference; lastKnownFileType = sourcecode.c.h; path = Employee.h; sourceTree = "<group>"; };
		B13C8F7F248625A100716B7D /* Employee.m */ = {isa = PBXFileReference; lastKnownFileType = sourcecode.c.objc; path = Employee.m; sourceTree = "<group>"; };
		B13C8F832487551C00716B7D /* Dshape.h */ = {isa = PBXFileReference; lastKnownFileType = sourcecode.c.h; path = Dshape.h; sourceTree = "<group>"; };
		B13C8F842487554400716B7D /* Dcircle.h */ = {isa = PBXFileReference; lastKnownFileType = sourcecode.c.h; path = Dcircle.h; sourceTree = "<group>"; };
		B13C8F852487554400716B7D /* Dcircle.m */ = {isa = PBXFileReference; lastKnownFileType = sourcecode.c.objc; path = Dcircle.m; sourceTree = "<group>"; };
		B13C8F872487555900716B7D /* Drectangle.h */ = {isa = PBXFileReference; lastKnownFileType = sourcecode.c.h; path = Drectangle.h; sourceTree = "<group>"; };
		B13C8F882487555900716B7D /* Drectangle.m */ = {isa = PBXFileReference; lastKnownFileType = sourcecode.c.objc; path = Drectangle.m; sourceTree = "<group>"; };
		B13C8F8A248755FF00716B7D /* ColorDecorator.h */ = {isa = PBXFileReference; lastKnownFileType = sourcecode.c.h; path = ColorDecorator.h; sourceTree = "<group>"; };
		B13C8F8B248755FF00716B7D /* ColorDecorator.m */ = {isa = PBXFileReference; lastKnownFileType = sourcecode.c.objc; path = ColorDecorator.m; sourceTree = "<group>"; };
		B13C8F8D2487586C00716B7D /* RedColorDecorator.h */ = {isa = PBXFileReference; lastKnownFileType = sourcecode.c.h; path = RedColorDecorator.h; sourceTree = "<group>"; };
		B13C8F8E2487586C00716B7D /* RedColorDecorator.m */ = {isa = PBXFileReference; lastKnownFileType = sourcecode.c.objc; path = RedColorDecorator.m; sourceTree = "<group>"; };
		B13C8F90248773F900716B7D /* FacadeViewController.h */ = {isa = PBXFileReference; lastKnownFileType = sourcecode.c.h; path = FacadeViewController.h; sourceTree = "<group>"; };
		B13C8F91248773F900716B7D /* FacadeViewController.m */ = {isa = PBXFileReference; lastKnownFileType = sourcecode.c.objc; path = FacadeViewController.m; sourceTree = "<group>"; };
		B13C8F932487742300716B7D /* ShapeMaker.h */ = {isa = PBXFileReference; lastKnownFileType = sourcecode.c.h; path = ShapeMaker.h; sourceTree = "<group>"; };
		B13C8F942487742300716B7D /* ShapeMaker.m */ = {isa = PBXFileReference; lastKnownFileType = sourcecode.c.objc; path = ShapeMaker.m; sourceTree = "<group>"; };
		B13C8F9624877B5900716B7D /* ProxyViewController.h */ = {isa = PBXFileReference; lastKnownFileType = sourcecode.c.h; path = ProxyViewController.h; sourceTree = "<group>"; };
		B13C8F9724877B5900716B7D /* ProxyViewController.m */ = {isa = PBXFileReference; lastKnownFileType = sourcecode.c.objc; path = ProxyViewController.m; sourceTree = "<group>"; };
		B13C8F9924877B7700716B7D /* RealImage.h */ = {isa = PBXFileReference; lastKnownFileType = sourcecode.c.h; path = RealImage.h; sourceTree = "<group>"; };
		B13C8F9A24877B7700716B7D /* RealImage.m */ = {isa = PBXFileReference; lastKnownFileType = sourcecode.c.objc; path = RealImage.m; sourceTree = "<group>"; };
		B13C8F9C24877B8300716B7D /* ProxyImage.h */ = {isa = PBXFileReference; lastKnownFileType = sourcecode.c.h; path = ProxyImage.h; sourceTree = "<group>"; };
		B13C8F9D24877B8300716B7D /* ProxyImage.m */ = {isa = PBXFileReference; lastKnownFileType = sourcecode.c.objc; path = ProxyImage.m; sourceTree = "<group>"; };
		B13C8F9F24877BA600716B7D /* ImageProtocol.h */ = {isa = PBXFileReference; lastKnownFileType = sourcecode.c.h; path = ImageProtocol.h; sourceTree = "<group>"; };
		B13C8FA92487D8C900716B7D /* FlyweightViewController.h */ = {isa = PBXFileReference; lastKnownFileType = sourcecode.c.h; path = FlyweightViewController.h; sourceTree = "<group>"; };
		B13C8FAA2487D8C900716B7D /* FlyweightViewController.m */ = {isa = PBXFileReference; lastKnownFileType = sourcecode.c.objc; path = FlyweightViewController.m; sourceTree = "<group>"; };
		B13C8FAC2487D90700716B7D /* FCircle.h */ = {isa = PBXFileReference; lastKnownFileType = sourcecode.c.h; path = FCircle.h; sourceTree = "<group>"; };
		B13C8FAD2487D90700716B7D /* FCircle.m */ = {isa = PBXFileReference; lastKnownFileType = sourcecode.c.objc; path = FCircle.m; sourceTree = "<group>"; };
		B13C8FAF2487D99D00716B7D /* FlyShapeFactory.h */ = {isa = PBXFileReference; lastKnownFileType = sourcecode.c.h; path = FlyShapeFactory.h; sourceTree = "<group>"; };
		B13C8FB02487D99D00716B7D /* FlyShapeFactory.m */ = {isa = PBXFileReference; lastKnownFileType = sourcecode.c.objc; path = FlyShapeFactory.m; sourceTree = "<group>"; };
		B14875CF2480E1BD00D9B216 /* FilterViewController.h */ = {isa = PBXFileReference; lastKnownFileType = sourcecode.c.h; path = FilterViewController.h; sourceTree = "<group>"; };
		B14875D02480E1BD00D9B216 /* FilterViewController.m */ = {isa = PBXFileReference; lastKnownFileType = sourcecode.c.objc; path = FilterViewController.m; sourceTree = "<group>"; };
		B14875D22480E1EA00D9B216 /* Fperson.h */ = {isa = PBXFileReference; lastKnownFileType = sourcecode.c.h; path = Fperson.h; sourceTree = "<group>"; };
		B14875D32480E1EA00D9B216 /* Fperson.m */ = {isa = PBXFileReference; lastKnownFileType = sourcecode.c.objc; path = Fperson.m; sourceTree = "<group>"; };
		B14875D52480E22F00D9B216 /* FCriteria.h */ = {isa = PBXFileReference; lastKnownFileType = sourcecode.c.h; path = FCriteria.h; sourceTree = "<group>"; };
		B14875D62480E28300D9B216 /* AndCriteria.h */ = {isa = PBXFileReference; lastKnownFileType = sourcecode.c.h; path = AndCriteria.h; sourceTree = "<group>"; };
		B14875D72480E28300D9B216 /* AndCriteria.m */ = {isa = PBXFileReference; lastKnownFileType = sourcecode.c.objc; path = AndCriteria.m; sourceTree = "<group>"; };
		B14875D92480E29F00D9B216 /* OrCriteria.h */ = {isa = PBXFileReference; lastKnownFileType = sourcecode.c.h; path = OrCriteria.h; sourceTree = "<group>"; };
		B14875DA2480E29F00D9B216 /* OrCriteria.m */ = {isa = PBXFileReference; lastKnownFileType = sourcecode.c.objc; path = OrCriteria.m; sourceTree = "<group>"; };
		B14875DC2480E2B900D9B216 /* MaleCriteria.h */ = {isa = PBXFileReference; lastKnownFileType = sourcecode.c.h; path = MaleCriteria.h; sourceTree = "<group>"; };
		B14875DD2480E2B900D9B216 /* MaleCriteria.m */ = {isa = PBXFileReference; lastKnownFileType = sourcecode.c.objc; path = MaleCriteria.m; sourceTree = "<group>"; };
		B14875DF2480E2CD00D9B216 /* FemaleCriteria.h */ = {isa = PBXFileReference; lastKnownFileType = sourcecode.c.h; path = FemaleCriteria.h; sourceTree = "<group>"; };
		B14875E02480E2CD00D9B216 /* FemaleCriteria.m */ = {isa = PBXFileReference; lastKnownFileType = sourcecode.c.objc; path = FemaleCriteria.m; sourceTree = "<group>"; };
		B14875E22480F3F700D9B216 /* MarriedCriteria.h */ = {isa = PBXFileReference; lastKnownFileType = sourcecode.c.h; path = MarriedCriteria.h; sourceTree = "<group>"; };
		B14875E32480F3F700D9B216 /* MarriedCriteria.m */ = {isa = PBXFileReference; lastKnownFileType = sourcecode.c.objc; path = MarriedCriteria.m; sourceTree = "<group>"; };
		B14C2FA3246650380078CD4A /* ProtoShape.h */ = {isa = PBXFileReference; lastKnownFileType = sourcecode.c.h; path = ProtoShape.h; sourceTree = "<group>"; };
		B14C2FA4246650380078CD4A /* ProtoShape.m */ = {isa = PBXFileReference; lastKnownFileType = sourcecode.c.objc; path = ProtoShape.m; sourceTree = "<group>"; };
		B14C2FA6246650610078CD4A /* ProtoCircle.h */ = {isa = PBXFileReference; lastKnownFileType = sourcecode.c.h; path = ProtoCircle.h; sourceTree = "<group>"; };
		B14C2FA7246650610078CD4A /* ProtoCircle.m */ = {isa = PBXFileReference; lastKnownFileType = sourcecode.c.objc; path = ProtoCircle.m; sourceTree = "<group>"; };
		B14C2FA92466506F0078CD4A /* ProtoRectangle.h */ = {isa = PBXFileReference; lastKnownFileType = sourcecode.c.h; path = ProtoRectangle.h; sourceTree = "<group>"; };
		B14C2FAA2466506F0078CD4A /* ProtoRectangle.m */ = {isa = PBXFileReference; lastKnownFileType = sourcecode.c.objc; path = ProtoRectangle.m; sourceTree = "<group>"; };
		B14C2FAC2466507A0078CD4A /* ProtoSquare.h */ = {isa = PBXFileReference; lastKnownFileType = sourcecode.c.h; path = ProtoSquare.h; sourceTree = "<group>"; };
		B14C2FAD2466507A0078CD4A /* ProtoSquare.m */ = {isa = PBXFileReference; lastKnownFileType = sourcecode.c.objc; path = ProtoSquare.m; sourceTree = "<group>"; };
		B14C2FAF246650980078CD4A /* ShapeCache.h */ = {isa = PBXFileReference; lastKnownFileType = sourcecode.c.h; path = ShapeCache.h; sourceTree = "<group>"; };
		B14C2FB0246650980078CD4A /* ShapeCache.m */ = {isa = PBXFileReference; lastKnownFileType = sourcecode.c.objc; path = ShapeCache.m; sourceTree = "<group>"; };
		B14C2FB224665D380078CD4A /* AdapterViewController.h */ = {isa = PBXFileReference; lastKnownFileType = sourcecode.c.h; path = AdapterViewController.h; sourceTree = "<group>"; };
		B14C2FB324665D380078CD4A /* AdapterViewController.m */ = {isa = PBXFileReference; lastKnownFileType = sourcecode.c.objc; path = AdapterViewController.m; sourceTree = "<group>"; };
		B14C2FB524665E530078CD4A /* MediaPlayer.h */ = {isa = PBXFileReference; lastKnownFileType = sourcecode.c.h; path = MediaPlayer.h; sourceTree = "<group>"; };
		B14C2FB624665E690078CD4A /* AdvancedMediaPlayer.h */ = {isa = PBXFileReference; lastKnownFileType = sourcecode.c.h; path = AdvancedMediaPlayer.h; sourceTree = "<group>"; };
		B14C2FB724665F6B0078CD4A /* VlcPlayer.h */ = {isa = PBXFileReference; lastKnownFileType = sourcecode.c.h; path = VlcPlayer.h; sourceTree = "<group>"; };
		B14C2FB824665F6B0078CD4A /* VlcPlayer.m */ = {isa = PBXFileReference; lastKnownFileType = sourcecode.c.objc; path = VlcPlayer.m; sourceTree = "<group>"; };
		B14C2FBA24665F7B0078CD4A /* MP4Player.h */ = {isa = PBXFileReference; lastKnownFileType = sourcecode.c.h; path = MP4Player.h; sourceTree = "<group>"; };
		B14C2FBB24665F7B0078CD4A /* MP4Player.m */ = {isa = PBXFileReference; lastKnownFileType = sourcecode.c.objc; path = MP4Player.m; sourceTree = "<group>"; };
		B14C2FBD246662090078CD4A /* AudioPlayer.h */ = {isa = PBXFileReference; lastKnownFileType = sourcecode.c.h; path = AudioPlayer.h; sourceTree = "<group>"; };
		B14C2FBE246662090078CD4A /* AudioPlayer.m */ = {isa = PBXFileReference; lastKnownFileType = sourcecode.c.objc; path = AudioPlayer.m; sourceTree = "<group>"; };
		B14C2FC024667F3A0078CD4A /* MediaAdapter.h */ = {isa = PBXFileReference; lastKnownFileType = sourcecode.c.h; path = MediaAdapter.h; sourceTree = "<group>"; };
		B14C2FC124667F3A0078CD4A /* MediaAdapter.m */ = {isa = PBXFileReference; lastKnownFileType = sourcecode.c.objc; path = MediaAdapter.m; sourceTree = "<group>"; };
		B15267942489F01800FA87F5 /* ChainViewController.h */ = {isa = PBXFileReference; lastKnownFileType = sourcecode.c.h; path = ChainViewController.h; sourceTree = "<group>"; };
		B15267952489F01800FA87F5 /* ChainViewController.m */ = {isa = PBXFileReference; lastKnownFileType = sourcecode.c.objc; path = ChainViewController.m; sourceTree = "<group>"; };
		B15267972489F45200FA87F5 /* AbstractLogger.h */ = {isa = PBXFileReference; lastKnownFileType = sourcecode.c.h; path = AbstractLogger.h; sourceTree = "<group>"; };
		B15267982489F45200FA87F5 /* AbstractLogger.m */ = {isa = PBXFileReference; lastKnownFileType = sourcecode.c.objc; path = AbstractLogger.m; sourceTree = "<group>"; };
		B152679A2489F48400FA87F5 /* FileLogger.h */ = {isa = PBXFileReference; lastKnownFileType = sourcecode.c.h; path = FileLogger.h; sourceTree = "<group>"; };
		B152679B2489F48400FA87F5 /* FileLogger.m */ = {isa = PBXFileReference; lastKnownFileType = sourcecode.c.objc; path = FileLogger.m; sourceTree = "<group>"; };
		B152679D2489F49200FA87F5 /* StandardLogger.h */ = {isa = PBXFileReference; lastKnownFileType = sourcecode.c.h; path = StandardLogger.h; sourceTree = "<group>"; };
		B152679E2489F49200FA87F5 /* StandardLogger.m */ = {isa = PBXFileReference; lastKnownFileType = sourcecode.c.objc; path = StandardLogger.m; sourceTree = "<group>"; };
		B15267A02489F50D00FA87F5 /* ErrorLogger.h */ = {isa = PBXFileReference; lastKnownFileType = sourcecode.c.h; path = ErrorLogger.h; sourceTree = "<group>"; };
		B15267A12489F50D00FA87F5 /* ErrorLogger.m */ = {isa = PBXFileReference; lastKnownFileType = sourcecode.c.objc; path = ErrorLogger.m; sourceTree = "<group>"; };
		B15267A3248DE64B00FA87F5 /* CommandViewController.h */ = {isa = PBXFileReference; lastKnownFileType = sourcecode.c.h; path = CommandViewController.h; sourceTree = "<group>"; };
		B15267A4248DE64B00FA87F5 /* CommandViewController.m */ = {isa = PBXFileReference; lastKnownFileType = sourcecode.c.objc; path = CommandViewController.m; sourceTree = "<group>"; };
		B15267A6248DE66600FA87F5 /* Corders.h */ = {isa = PBXFileReference; lastKnownFileType = sourcecode.c.h; path = Corders.h; sourceTree = "<group>"; };
		B15267A7248DE6AB00FA87F5 /* CSellOrder.h */ = {isa = PBXFileReference; lastKnownFileType = sourcecode.c.h; path = CSellOrder.h; sourceTree = "<group>"; };
		B15267A8248DE6AB00FA87F5 /* CSellOrder.m */ = {isa = PBXFileReference; lastKnownFileType = sourcecode.c.objc; path = CSellOrder.m; sourceTree = "<group>"; };
		B15267AA248DE6B700FA87F5 /* CBuyOrder.h */ = {isa = PBXFileReference; lastKnownFileType = sourcecode.c.h; path = CBuyOrder.h; sourceTree = "<group>"; };
		B15267AB248DE6B700FA87F5 /* CBuyOrder.m */ = {isa = PBXFileReference; lastKnownFileType = sourcecode.c.objc; path = CBuyOrder.m; sourceTree = "<group>"; };
		B15267AD248DE73000FA87F5 /* Stock.h */ = {isa = PBXFileReference; lastKnownFileType = sourcecode.c.h; path = Stock.h; sourceTree = "<group>"; };
		B15267AE248DE73000FA87F5 /* Stock.m */ = {isa = PBXFileReference; lastKnownFileType = sourcecode.c.objc; path = Stock.m; sourceTree = "<group>"; };
		B15267B0248DE81700FA87F5 /* Broker.h */ = {isa = PBXFileReference; lastKnownFileType = sourcecode.c.h; path = Broker.h; sourceTree = "<group>"; };
		B15267B1248DE81700FA87F5 /* Broker.m */ = {isa = PBXFileReference; lastKnownFileType = sourcecode.c.objc; path = Broker.m; sourceTree = "<group>"; };
		B15267B6248DEF9B00FA87F5 /* InterpreterViewController.h */ = {isa = PBXFileReference; lastKnownFileType = sourcecode.c.h; path = InterpreterViewController.h; sourceTree = "<group>"; };
		B15267B7248DEF9B00FA87F5 /* InterpreterViewController.m */ = {isa = PBXFileReference; lastKnownFileType = sourcecode.c.objc; path = InterpreterViewController.m; sourceTree = "<group>"; };
		B15267B9248E0D4800FA87F5 /* StateViewController.h */ = {isa = PBXFileReference; lastKnownFileType = sourcecode.c.h; path = StateViewController.h; sourceTree = "<group>"; };
		B15267BA248E0D4800FA87F5 /* StateViewController.m */ = {isa = PBXFileReference; lastKnownFileType = sourcecode.c.objc; path = StateViewController.m; sourceTree = "<group>"; };
		B15267BC248E0D7600FA87F5 /* Scontext.h */ = {isa = PBXFileReference; lastKnownFileType = sourcecode.c.h; path = Scontext.h; sourceTree = "<group>"; };
		B15267BD248E0D7600FA87F5 /* Scontext.m */ = {isa = PBXFileReference; lastKnownFileType = sourcecode.c.objc; path = Scontext.m; sourceTree = "<group>"; };
		B15267BF248E0D8300FA87F5 /* StopState.h */ = {isa = PBXFileReference; lastKnownFileType = sourcecode.c.h; path = StopState.h; sourceTree = "<group>"; };
		B15267C0248E0D8300FA87F5 /* StopState.m */ = {isa = PBXFileReference; lastKnownFileType = sourcecode.c.objc; path = StopState.m; sourceTree = "<group>"; };
		B15267C2248E0D8E00FA87F5 /* StartState.h */ = {isa = PBXFileReference; lastKnownFileType = sourcecode.c.h; path = StartState.h; sourceTree = "<group>"; };
		B15267C3248E0D8E00FA87F5 /* StartState.m */ = {isa = PBXFileReference; lastKnownFileType = sourcecode.c.objc; path = StartState.m; sourceTree = "<group>"; };
		B15267C5248E0DA700FA87F5 /* State.h */ = {isa = PBXFileReference; lastKnownFileType = sourcecode.c.h; path = State.h; sourceTree = "<group>"; };
		B15526202494ACC100B9748A /* TemplateViewController.h */ = {isa = PBXFileReference; lastKnownFileType = sourcecode.c.h; path = TemplateViewController.h; sourceTree = "<group>"; };
		B15526212494ACC100B9748A /* TemplateViewController.m */ = {isa = PBXFileReference; lastKnownFileType = sourcecode.c.objc; path = TemplateViewController.m; sourceTree = "<group>"; };
		B15526232494ACCC00B9748A /* Game.h */ = {isa = PBXFileReference; lastKnownFileType = sourcecode.c.h; path = Game.h; sourceTree = "<group>"; };
		B15526242494ACCC00B9748A /* Game.m */ = {isa = PBXFileReference; lastKnownFileType = sourcecode.c.objc; path = Game.m; sourceTree = "<group>"; };
		B15526262494AD0B00B9748A /* Cricket.h */ = {isa = PBXFileReference; lastKnownFileType = sourcecode.c.h; path = Cricket.h; sourceTree = "<group>"; };
		B15526272494AD0B00B9748A /* Cricket.m */ = {isa = PBXFileReference; lastKnownFileType = sourcecode.c.objc; path = Cricket.m; sourceTree = "<group>"; };
		B15526292494AD1300B9748A /* Football.h */ = {isa = PBXFileReference; lastKnownFileType = sourcecode.c.h; path = Football.h; sourceTree = "<group>"; };
		B155262A2494AD1300B9748A /* Football.m */ = {isa = PBXFileReference; lastKnownFileType = sourcecode.c.objc; path = Football.m; sourceTree = "<group>"; };
		B155262C2494B1F800B9748A /* MementoViewController.h */ = {isa = PBXFileReference; lastKnownFileType = sourcecode.c.h; path = MementoViewController.h; sourceTree = "<group>"; };
		B155262D2494B1F800B9748A /* MementoViewController.m */ = {isa = PBXFileReference; lastKnownFileType = sourcecode.c.objc; path = MementoViewController.m; sourceTree = "<group>"; };
		B155262F2494B21100B9748A /* Memento.h */ = {isa = PBXFileReference; lastKnownFileType = sourcecode.c.h; path = Memento.h; sourceTree = "<group>"; };
		B15526302494B21100B9748A /* Memento.m */ = {isa = PBXFileReference; lastKnownFileType = sourcecode.c.objc; path = Memento.m; sourceTree = "<group>"; };
		B15526322494B21F00B9748A /* CareTaker.h */ = {isa = PBXFileReference; lastKnownFileType = sourcecode.c.h; path = CareTaker.h; sourceTree = "<group>"; };
		B15526332494B21F00B9748A /* CareTaker.m */ = {isa = PBXFileReference; lastKnownFileType = sourcecode.c.objc; path = CareTaker.m; sourceTree = "<group>"; };
		B15526352494B23000B9748A /* Originer.h */ = {isa = PBXFileReference; lastKnownFileType = sourcecode.c.h; path = Originer.h; sourceTree = "<group>"; };
		B15526362494B23000B9748A /* Originer.m */ = {isa = PBXFileReference; lastKnownFileType = sourcecode.c.objc; path = Originer.m; sourceTree = "<group>"; };
		B15526382494BA9900B9748A /* ChatRoom.h */ = {isa = PBXFileReference; lastKnownFileType = sourcecode.c.h; path = ChatRoom.h; sourceTree = "<group>"; };
		B15526392494BA9900B9748A /* ChatRoom.m */ = {isa = PBXFileReference; lastKnownFileType = sourcecode.c.objc; path = ChatRoom.m; sourceTree = "<group>"; };
		B155263B2494BAA300B9748A /* ChatUser.h */ = {isa = PBXFileReference; lastKnownFileType = sourcecode.c.h; path = ChatUser.h; sourceTree = "<group>"; };
		B155263C2494BAA300B9748A /* ChatUser.m */ = {isa = PBXFileReference; lastKnownFileType = sourcecode.c.objc; path = ChatUser.m; sourceTree = "<group>"; };
		B155263E2494BAB400B9748A /* MediatorViewController.h */ = {isa = PBXFileReference; lastKnownFileType = sourcecode.c.h; path = MediatorViewController.h; sourceTree = "<group>"; };
		B155263F2494BAB400B9748A /* MediatorViewController.m */ = {isa = PBXFileReference; lastKnownFileType = sourcecode.c.objc; path = MediatorViewController.m; sourceTree = "<group>"; };
		B16934FE243F15B9009F5C01 /* PatternsDemo.app */ = {isa = PBXFileReference; explicitFileType = wrapper.application; includeInIndex = 0; path = PatternsDemo.app; sourceTree = BUILT_PRODUCTS_DIR; };
		B1693501243F15B9009F5C01 /* AppDelegate.h */ = {isa = PBXFileReference; lastKnownFileType = sourcecode.c.h; path = AppDelegate.h; sourceTree = "<group>"; };
		B1693502243F15B9009F5C01 /* AppDelegate.m */ = {isa = PBXFileReference; lastKnownFileType = sourcecode.c.objc; path = AppDelegate.m; sourceTree = "<group>"; };
		B1693504243F15B9009F5C01 /* SceneDelegate.h */ = {isa = PBXFileReference; lastKnownFileType = sourcecode.c.h; path = SceneDelegate.h; sourceTree = "<group>"; };
		B1693505243F15B9009F5C01 /* SceneDelegate.m */ = {isa = PBXFileReference; lastKnownFileType = sourcecode.c.objc; path = SceneDelegate.m; sourceTree = "<group>"; };
		B1693507243F15B9009F5C01 /* ViewController.h */ = {isa = PBXFileReference; lastKnownFileType = sourcecode.c.h; path = ViewController.h; sourceTree = "<group>"; };
		B1693508243F15B9009F5C01 /* ViewController.m */ = {isa = PBXFileReference; lastKnownFileType = sourcecode.c.objc; path = ViewController.m; sourceTree = "<group>"; };
		B169350B243F15B9009F5C01 /* Base */ = {isa = PBXFileReference; lastKnownFileType = file.storyboard; name = Base; path = Base.lproj/Main.storyboard; sourceTree = "<group>"; };
		B169350D243F15BB009F5C01 /* Assets.xcassets */ = {isa = PBXFileReference; lastKnownFileType = folder.assetcatalog; path = Assets.xcassets; sourceTree = "<group>"; };
		B1693510243F15BB009F5C01 /* Base */ = {isa = PBXFileReference; lastKnownFileType = file.storyboard; name = Base; path = Base.lproj/LaunchScreen.storyboard; sourceTree = "<group>"; };
		B1693512243F15BB009F5C01 /* Info.plist */ = {isa = PBXFileReference; lastKnownFileType = text.plist.xml; path = Info.plist; sourceTree = "<group>"; };
		B1693513243F15BB009F5C01 /* main.m */ = {isa = PBXFileReference; lastKnownFileType = sourcecode.c.objc; path = main.m; sourceTree = "<group>"; };
		B1693519243F15BB009F5C01 /* PatternsDemoTests.xctest */ = {isa = PBXFileReference; explicitFileType = wrapper.cfbundle; includeInIndex = 0; path = PatternsDemoTests.xctest; sourceTree = BUILT_PRODUCTS_DIR; };
		B169351D243F15BB009F5C01 /* PatternsDemoTests.m */ = {isa = PBXFileReference; lastKnownFileType = sourcecode.c.objc; path = PatternsDemoTests.m; sourceTree = "<group>"; };
		B169351F243F15BB009F5C01 /* Info.plist */ = {isa = PBXFileReference; lastKnownFileType = text.plist.xml; path = Info.plist; sourceTree = "<group>"; };
		B1693524243F15BB009F5C01 /* PatternsDemoUITests.xctest */ = {isa = PBXFileReference; explicitFileType = wrapper.cfbundle; includeInIndex = 0; path = PatternsDemoUITests.xctest; sourceTree = BUILT_PRODUCTS_DIR; };
		B1693528243F15BB009F5C01 /* PatternsDemoUITests.m */ = {isa = PBXFileReference; lastKnownFileType = sourcecode.c.objc; path = PatternsDemoUITests.m; sourceTree = "<group>"; };
		B169352A243F15BB009F5C01 /* Info.plist */ = {isa = PBXFileReference; lastKnownFileType = text.plist.xml; path = Info.plist; sourceTree = "<group>"; };
		B1693552243F18DE009F5C01 /* FactoryViewController.h */ = {isa = PBXFileReference; lastKnownFileType = sourcecode.c.h; path = FactoryViewController.h; sourceTree = "<group>"; };
		B1693553243F18DE009F5C01 /* FactoryViewController.m */ = {isa = PBXFileReference; lastKnownFileType = sourcecode.c.objc; path = FactoryViewController.m; sourceTree = "<group>"; };
		B1693555243F273E009F5C01 /* Shape.h */ = {isa = PBXFileReference; lastKnownFileType = sourcecode.c.h; path = Shape.h; sourceTree = "<group>"; };
		B1693556243F2782009F5C01 /* Square.h */ = {isa = PBXFileReference; lastKnownFileType = sourcecode.c.h; path = Square.h; sourceTree = "<group>"; };
		B1693557243F2782009F5C01 /* Square.m */ = {isa = PBXFileReference; lastKnownFileType = sourcecode.c.objc; path = Square.m; sourceTree = "<group>"; };
		B1693559243F2799009F5C01 /* Circle.h */ = {isa = PBXFileReference; lastKnownFileType = sourcecode.c.h; path = Circle.h; sourceTree = "<group>"; };
		B169355A243F2799009F5C01 /* Circle.m */ = {isa = PBXFileReference; lastKnownFileType = sourcecode.c.objc; path = Circle.m; sourceTree = "<group>"; };
		B169355C243F27A8009F5C01 /* Rectangle.h */ = {isa = PBXFileReference; lastKnownFileType = sourcecode.c.h; path = Rectangle.h; sourceTree = "<group>"; };
		B169355D243F27A8009F5C01 /* Rectangle.m */ = {isa = PBXFileReference; lastKnownFileType = sourcecode.c.objc; path = Rectangle.m; sourceTree = "<group>"; };
		B169355F243F2885009F5C01 /* ShapeFactory.h */ = {isa = PBXFileReference; lastKnownFileType = sourcecode.c.h; path = ShapeFactory.h; sourceTree = "<group>"; };
		B1693560243F2885009F5C01 /* ShapeFactory.m */ = {isa = PBXFileReference; lastKnownFileType = sourcecode.c.objc; path = ShapeFactory.m; sourceTree = "<group>"; };
		B1A5BF3E244D563600BB69DA /* AbstractFactoryViewController.h */ = {isa = PBXFileReference; lastKnownFileType = sourcecode.c.h; path = AbstractFactoryViewController.h; sourceTree = "<group>"; };
		B1A5BF3F244D563600BB69DA /* AbstractFactoryViewController.m */ = {isa = PBXFileReference; lastKnownFileType = sourcecode.c.objc; path = AbstractFactoryViewController.m; sourceTree = "<group>"; };
		B1A5BF41244D567600BB69DA /* AbstractFactory.h */ = {isa = PBXFileReference; lastKnownFileType = sourcecode.c.h; path = AbstractFactory.h; sourceTree = "<group>"; };
		B1A5BF42244D569C00BB69DA /* AColorFactory.h */ = {isa = PBXFileReference; lastKnownFileType = sourcecode.c.h; path = AColorFactory.h; sourceTree = "<group>"; };
		B1A5BF43244D569C00BB69DA /* AColorFactory.m */ = {isa = PBXFileReference; lastKnownFileType = sourcecode.c.objc; path = AColorFactory.m; sourceTree = "<group>"; };
		B1A5BF45244D56B000BB69DA /* AShapeFactory.h */ = {isa = PBXFileReference; lastKnownFileType = sourcecode.c.h; path = AShapeFactory.h; sourceTree = "<group>"; };
		B1A5BF46244D56B000BB69DA /* AShapeFactory.m */ = {isa = PBXFileReference; lastKnownFileType = sourcecode.c.objc; path = AShapeFactory.m; sourceTree = "<group>"; };
		B1A5BF48244D56D300BB69DA /* AShape.h */ = {isa = PBXFileReference; lastKnownFileType = sourcecode.c.h; path = AShape.h; sourceTree = "<group>"; };
		B1A5BF49244D56DE00BB69DA /* AColor.h */ = {isa = PBXFileReference; lastKnownFileType = sourcecode.c.h; path = AColor.h; sourceTree = "<group>"; };
		B1A5BF4A244D574200BB69DA /* ARed.h */ = {isa = PBXFileReference; lastKnownFileType = sourcecode.c.h; path = ARed.h; sourceTree = "<group>"; };
		B1A5BF4B244D574200BB69DA /* ARed.m */ = {isa = PBXFileReference; lastKnownFileType = sourcecode.c.objc; path = ARed.m; sourceTree = "<group>"; };
		B1A5BF4D244D575600BB69DA /* AYellow.h */ = {isa = PBXFileReference; lastKnownFileType = sourcecode.c.h; path = AYellow.h; sourceTree = "<group>"; };
		B1A5BF4E244D575600BB69DA /* AYellow.m */ = {isa = PBXFileReference; lastKnownFileType = sourcecode.c.objc; path = AYellow.m; sourceTree = "<group>"; };
		B1A5BF50244D576400BB69DA /* ABlue.h */ = {isa = PBXFileReference; lastKnownFileType = sourcecode.c.h; path = ABlue.h; sourceTree = "<group>"; };
		B1A5BF51244D576400BB69DA /* ABlue.m */ = {isa = PBXFileReference; lastKnownFileType = sourcecode.c.objc; path = ABlue.m; sourceTree = "<group>"; };
		B1A5BF53244D57FE00BB69DA /* FactoryProducer.h */ = {isa = PBXFileReference; lastKnownFileType = sourcecode.c.h; path = FactoryProducer.h; sourceTree = "<group>"; };
		B1A5BF54244D57FE00BB69DA /* FactoryProducer.m */ = {isa = PBXFileReference; lastKnownFileType = sourcecode.c.objc; path = FactoryProducer.m; sourceTree = "<group>"; };
		B1A5BF56244D581100BB69DA /* ACircle.h */ = {isa = PBXFileReference; lastKnownFileType = sourcecode.c.h; path = ACircle.h; sourceTree = "<group>"; };
		B1A5BF57244D581100BB69DA /* ACircle.m */ = {isa = PBXFileReference; lastKnownFileType = sourcecode.c.objc; path = ACircle.m; sourceTree = "<group>"; };
		B1A5BF59244D584700BB69DA /* ARect.h */ = {isa = PBXFileReference; lastKnownFileType = sourcecode.c.h; path = ARect.h; sourceTree = "<group>"; };
		B1A5BF5A244D584700BB69DA /* ARect.m */ = {isa = PBXFileReference; lastKnownFileType = sourcecode.c.objc; path = ARect.m; sourceTree = "<group>"; };
		B1A5BF5C244D588D00BB69DA /* ATriangle.h */ = {isa = PBXFileReference; lastKnownFileType = sourcecode.c.h; path = ATriangle.h; sourceTree = "<group>"; };
		B1A5BF5D244D588D00BB69DA /* ATriangle.m */ = {isa = PBXFileReference; lastKnownFileType = sourcecode.c.objc; path = ATriangle.m; sourceTree = "<group>"; };
		B1A5BF5F244D742700BB69DA /* SingletonViewController.h */ = {isa = PBXFileReference; lastKnownFileType = sourcecode.c.h; path = SingletonViewController.h; sourceTree = "<group>"; };
		B1A5BF60244D742700BB69DA /* SingletonViewController.m */ = {isa = PBXFileReference; lastKnownFileType = sourcecode.c.objc; path = SingletonViewController.m; sourceTree = "<group>"; };
		B1A5BF62244D743A00BB69DA /* Singleton.h */ = {isa = PBXFileReference; lastKnownFileType = sourcecode.c.h; path = Singleton.h; sourceTree = "<group>"; };
		B1A5BF63244D743A00BB69DA /* Singleton.m */ = {isa = PBXFileReference; lastKnownFileType = sourcecode.c.objc; path = Singleton.m; sourceTree = "<group>"; };
		B1A5BF65244D75E100BB69DA /* BuilderViewController.h */ = {isa = PBXFileReference; lastKnownFileType = sourcecode.c.h; path = BuilderViewController.h; sourceTree = "<group>"; };
		B1A5BF66244D75E100BB69DA /* BuilderViewController.m */ = {isa = PBXFileReference; lastKnownFileType = sourcecode.c.objc; path = BuilderViewController.m; sourceTree = "<group>"; };
		B1A5BF68244D994B00BB69DA /* Packing.h */ = {isa = PBXFileReference; lastKnownFileType = sourcecode.c.h; path = Packing.h; sourceTree = "<group>"; };
		B1A5BF69244D997700BB69DA /* Item.h */ = {isa = PBXFileReference; lastKnownFileType = sourcecode.c.h; path = Item.h; sourceTree = "<group>"; };
		B1A5BF6A244D9DCD00BB69DA /* Wrapper.h */ = {isa = PBXFileReference; lastKnownFileType = sourcecode.c.h; path = Wrapper.h; sourceTree = "<group>"; };
		B1A5BF6B244D9DCD00BB69DA /* Wrapper.m */ = {isa = PBXFileReference; lastKnownFileType = sourcecode.c.objc; path = Wrapper.m; sourceTree = "<group>"; };
		B1A5BF6D244D9DE600BB69DA /* Bottles.h */ = {isa = PBXFileReference; lastKnownFileType = sourcecode.c.h; path = Bottles.h; sourceTree = "<group>"; };
		B1A5BF6E244D9DE600BB69DA /* Bottles.m */ = {isa = PBXFileReference; lastKnownFileType = sourcecode.c.objc; path = Bottles.m; sourceTree = "<group>"; };
		B1A5BF70244DAA5D00BB69DA /* Burger.h */ = {isa = PBXFileReference; lastKnownFileType = sourcecode.c.h; path = Burger.h; sourceTree = "<group>"; };
		B1A5BF71244DAA5D00BB69DA /* Burger.m */ = {isa = PBXFileReference; lastKnownFileType = sourcecode.c.objc; path = Burger.m; sourceTree = "<group>"; };
		B1A5BF73244DAAF300BB69DA /* ColdDrink.h */ = {isa = PBXFileReference; lastKnownFileType = sourcecode.c.h; path = ColdDrink.h; sourceTree = "<group>"; };
		B1A5BF74244DAAF300BB69DA /* ColdDrink.m */ = {isa = PBXFileReference; lastKnownFileType = sourcecode.c.objc; path = ColdDrink.m; sourceTree = "<group>"; };
		B1A5BF76244DAB5400BB69DA /* VerBurger.h */ = {isa = PBXFileReference; lastKnownFileType = sourcecode.c.h; path = VerBurger.h; sourceTree = "<group>"; };
		B1A5BF77244DAB5400BB69DA /* VerBurger.m */ = {isa = PBXFileReference; lastKnownFileType = sourcecode.c.objc; path = VerBurger.m; sourceTree = "<group>"; };
		B1A5BF79244DAB6500BB69DA /* ChickenBurger.h */ = {isa = PBXFileReference; lastKnownFileType = sourcecode.c.h; path = ChickenBurger.h; sourceTree = "<group>"; };
		B1A5BF7A244DAB6500BB69DA /* ChickenBurger.m */ = {isa = PBXFileReference; lastKnownFileType = sourcecode.c.objc; path = ChickenBurger.m; sourceTree = "<group>"; };
		B1A5BF7C244DAB8300BB69DA /* Pepsi.h */ = {isa = PBXFileReference; lastKnownFileType = sourcecode.c.h; path = Pepsi.h; sourceTree = "<group>"; };
		B1A5BF7D244DAB8300BB69DA /* Pepsi.m */ = {isa = PBXFileReference; lastKnownFileType = sourcecode.c.objc; path = Pepsi.m; sourceTree = "<group>"; };
		B1A5BF7F244DAB9200BB69DA /* Coke.h */ = {isa = PBXFileReference; lastKnownFileType = sourcecode.c.h; path = Coke.h; sourceTree = "<group>"; };
		B1A5BF80244DAB9200BB69DA /* Coke.m */ = {isa = PBXFileReference; lastKnownFileType = sourcecode.c.objc; path = Coke.m; sourceTree = "<group>"; };
		B1A5BF82244DACCB00BB69DA /* Meal.h */ = {isa = PBXFileReference; lastKnownFileType = sourcecode.c.h; path = Meal.h; sourceTree = "<group>"; };
		B1A5BF83244DACCB00BB69DA /* Meal.m */ = {isa = PBXFileReference; lastKnownFileType = sourcecode.c.objc; path = Meal.m; sourceTree = "<group>"; };
		B1A5BF85244DACDB00BB69DA /* MealBuilder.h */ = {isa = PBXFileReference; lastKnownFileType = sourcecode.c.h; path = MealBuilder.h; sourceTree = "<group>"; };
		B1A5BF86244DACDB00BB69DA /* MealBuilder.m */ = {isa = PBXFileReference; lastKnownFileType = sourcecode.c.objc; path = MealBuilder.m; sourceTree = "<group>"; };
		B1A5BF88244DDCF700BB69DA /* PrototypeViewController.h */ = {isa = PBXFileReference; lastKnownFileType = sourcecode.c.h; path = PrototypeViewController.h; sourceTree = "<group>"; };
		B1A5BF89244DDCF700BB69DA /* PrototypeViewController.m */ = {isa = PBXFileReference; lastKnownFileType = sourcecode.c.objc; path = PrototypeViewController.m; sourceTree = "<group>"; };
		B1A5BF8B244DDD4F00BB69DA /* Prototype.h */ = {isa = PBXFileReference; lastKnownFileType = sourcecode.c.h; path = Prototype.h; sourceTree = "<group>"; };
		B1A5BF8C244DDD9900BB69DA /* PrototypeModel.h */ = {isa = PBXFileReference; lastKnownFileType = sourcecode.c.h; path = PrototypeModel.h; sourceTree = "<group>"; };
		B1A5BF8D244DDD9900BB69DA /* PrototypeModel.m */ = {isa = PBXFileReference; lastKnownFileType = sourcecode.c.objc; path = PrototypeModel.m; sourceTree = "<group>"; };
		B1B6542A246E69AA00E2F09B /* BridgeViewController.h */ = {isa = PBXFileReference; lastKnownFileType = sourcecode.c.h; path = BridgeViewController.h; sourceTree = "<group>"; };
		B1B6542B246E69AA00E2F09B /* BridgeViewController.m */ = {isa = PBXFileReference; lastKnownFileType = sourcecode.c.objc; path = BridgeViewController.m; sourceTree = "<group>"; };
		B1B6542E246E6A8100E2F09B /* RedCircle.h */ = {isa = PBXFileReference; lastKnownFileType = sourcecode.c.h; path = RedCircle.h; sourceTree = "<group>"; };
		B1B6542F246E6A8100E2F09B /* RedCircle.m */ = {isa = PBXFileReference; lastKnownFileType = sourcecode.c.objc; path = RedCircle.m; sourceTree = "<group>"; };
		B1B65431246E6AA700E2F09B /* GreenCircle.h */ = {isa = PBXFileReference; lastKnownFileType = sourcecode.c.h; path = GreenCircle.h; sourceTree = "<group>"; };
		B1B65432246E6AA700E2F09B /* GreenCircle.m */ = {isa = PBXFileReference; lastKnownFileType = sourcecode.c.objc; path = GreenCircle.m; sourceTree = "<group>"; };
		B1B65435246E6B6300E2F09B /* BridgeCircle.h */ = {isa = PBXFileReference; lastKnownFileType = sourcecode.c.h; path = BridgeCircle.h; sourceTree = "<group>"; };
		B1B65436246E6B6300E2F09B /* BridgeCircle.m */ = {isa = PBXFileReference; lastKnownFileType = sourcecode.c.objc; path = BridgeCircle.m; sourceTree = "<group>"; };
		B1B65438246E6B9400E2F09B /* BridgeShape.h */ = {isa = PBXFileReference; lastKnownFileType = sourcecode.c.h; path = BridgeShape.h; sourceTree = "<group>"; };
		B1B65439246E6B9400E2F09B /* BridgeShape.m */ = {isa = PBXFileReference; lastKnownFileType = sourcecode.c.objc; path = BridgeShape.m; sourceTree = "<group>"; };
		B1B6543B246E6D6400E2F09B /* DrawAPI.h */ = {isa = PBXFileReference; lastKnownFileType = sourcecode.c.h; path = DrawAPI.h; sourceTree = "<group>"; };
/* End PBXFileReference section */

/* Begin PBXFrameworksBuildPhase section */
		B16934FB243F15B9009F5C01 /* Frameworks */ = {
			isa = PBXFrameworksBuildPhase;
			buildActionMask = 2147483647;
			files = (
			);
			runOnlyForDeploymentPostprocessing = 0;
		};
		B1693516243F15BB009F5C01 /* Frameworks */ = {
			isa = PBXFrameworksBuildPhase;
			buildActionMask = 2147483647;
			files = (
			);
			runOnlyForDeploymentPostprocessing = 0;
		};
		B1693521243F15BB009F5C01 /* Frameworks */ = {
			isa = PBXFrameworksBuildPhase;
			buildActionMask = 2147483647;
			files = (
			);
			runOnlyForDeploymentPostprocessing = 0;
		};
/* End PBXFrameworksBuildPhase section */

/* Begin PBXGroup section */
		B16934F5243F15B9009F5C01 = {
			isa = PBXGroup;
			children = (
				B1693500243F15B9009F5C01 /* PatternsDemo */,
				B169351C243F15BB009F5C01 /* PatternsDemoTests */,
				B1693527243F15BB009F5C01 /* PatternsDemoUITests */,
				B16934FF243F15B9009F5C01 /* Products */,
			);
			sourceTree = "<group>";
		};
		B16934FF243F15B9009F5C01 /* Products */ = {
			isa = PBXGroup;
			children = (
				B16934FE243F15B9009F5C01 /* PatternsDemo.app */,
				B1693519243F15BB009F5C01 /* PatternsDemoTests.xctest */,
				B1693524243F15BB009F5C01 /* PatternsDemoUITests.xctest */,
			);
			name = Products;
			sourceTree = "<group>";
		};
		B1693500243F15B9009F5C01 /* PatternsDemo */ = {
			isa = PBXGroup;
			children = (
				B169353F243F187C009F5C01 /* CreationalPatterns */,
				B1693536243F187C009F5C01 /* StructuralPatterns */,
				B1693545243F187C009F5C01 /* BehavioralPatterns */,
				B1693501243F15B9009F5C01 /* AppDelegate.h */,
				B1693502243F15B9009F5C01 /* AppDelegate.m */,
				B1693504243F15B9009F5C01 /* SceneDelegate.h */,
				B1693505243F15B9009F5C01 /* SceneDelegate.m */,
				B1693507243F15B9009F5C01 /* ViewController.h */,
				B1693508243F15B9009F5C01 /* ViewController.m */,
				B169350A243F15B9009F5C01 /* Main.storyboard */,
				B169350D243F15BB009F5C01 /* Assets.xcassets */,
				B169350F243F15BB009F5C01 /* LaunchScreen.storyboard */,
				B1693512243F15BB009F5C01 /* Info.plist */,
				B1693513243F15BB009F5C01 /* main.m */,
			);
			path = PatternsDemo;
			sourceTree = "<group>";
		};
		B169351C243F15BB009F5C01 /* PatternsDemoTests */ = {
			isa = PBXGroup;
			children = (
				B169351D243F15BB009F5C01 /* PatternsDemoTests.m */,
				B169351F243F15BB009F5C01 /* Info.plist */,
			);
			path = PatternsDemoTests;
			sourceTree = "<group>";
		};
		B1693527243F15BB009F5C01 /* PatternsDemoUITests */ = {
			isa = PBXGroup;
			children = (
				B1693528243F15BB009F5C01 /* PatternsDemoUITests.m */,
				B169352A243F15BB009F5C01 /* Info.plist */,
			);
			path = PatternsDemoUITests;
			sourceTree = "<group>";
		};
		B1693536243F187C009F5C01 /* StructuralPatterns */ = {
			isa = PBXGroup;
			children = (
				B1693537243F187C009F5C01 /* Proxy */,
				B1693538243F187C009F5C01 /* Decorator */,
				B1693539243F187C009F5C01 /* Bridge */,
				B169353A243F187C009F5C01 /* Facade */,
				B169353B243F187C009F5C01 /* Adapter */,
				B169353C243F187C009F5C01 /* Composite */,
				B169353D243F187C009F5C01 /* Filter */,
				B169353E243F187C009F5C01 /* Flyweight */,
			);
			path = StructuralPatterns;
			sourceTree = "<group>";
		};
		B1693537243F187C009F5C01 /* Proxy */ = {
			isa = PBXGroup;
			children = (
				B13C8F9624877B5900716B7D /* ProxyViewController.h */,
				B13C8F9724877B5900716B7D /* ProxyViewController.m */,
				B13C8F9F24877BA600716B7D /* ImageProtocol.h */,
				B13C8F9924877B7700716B7D /* RealImage.h */,
				B13C8F9A24877B7700716B7D /* RealImage.m */,
				B13C8F9C24877B8300716B7D /* ProxyImage.h */,
				B13C8F9D24877B8300716B7D /* ProxyImage.m */,
			);
			path = Proxy;
			sourceTree = "<group>";
		};
		B1693538243F187C009F5C01 /* Decorator */ = {
			isa = PBXGroup;
			children = (
				B13C8F7B2486250800716B7D /* DecoratorViewController.h */,
				B13C8F7C2486250800716B7D /* DecoratorViewController.m */,
				B13C8F832487551C00716B7D /* Dshape.h */,
				B13C8F842487554400716B7D /* Dcircle.h */,
				B13C8F852487554400716B7D /* Dcircle.m */,
				B13C8F872487555900716B7D /* Drectangle.h */,
				B13C8F882487555900716B7D /* Drectangle.m */,
				B13C8F8A248755FF00716B7D /* ColorDecorator.h */,
				B13C8F8B248755FF00716B7D /* ColorDecorator.m */,
				B13C8F8D2487586C00716B7D /* RedColorDecorator.h */,
				B13C8F8E2487586C00716B7D /* RedColorDecorator.m */,
			);
			path = Decorator;
			sourceTree = "<group>";
		};
		B1693539243F187C009F5C01 /* Bridge */ = {
			isa = PBXGroup;
			children = (
				B1B6542A246E69AA00E2F09B /* BridgeViewController.h */,
				B1B6542B246E69AA00E2F09B /* BridgeViewController.m */,
				B1B6543B246E6D6400E2F09B /* DrawAPI.h */,
				B1B6542E246E6A8100E2F09B /* RedCircle.h */,
				B1B6542F246E6A8100E2F09B /* RedCircle.m */,
				B1B65431246E6AA700E2F09B /* GreenCircle.h */,
				B1B65432246E6AA700E2F09B /* GreenCircle.m */,
				B1B65438246E6B9400E2F09B /* BridgeShape.h */,
				B1B65439246E6B9400E2F09B /* BridgeShape.m */,
				B1B65435246E6B6300E2F09B /* BridgeCircle.h */,
				B1B65436246E6B6300E2F09B /* BridgeCircle.m */,
			);
			path = Bridge;
			sourceTree = "<group>";
		};
		B169353A243F187C009F5C01 /* Facade */ = {
			isa = PBXGroup;
			children = (
				B13C8F90248773F900716B7D /* FacadeViewController.h */,
				B13C8F91248773F900716B7D /* FacadeViewController.m */,
				B13C8F932487742300716B7D /* ShapeMaker.h */,
				B13C8F942487742300716B7D /* ShapeMaker.m */,
			);
			path = Facade;
			sourceTree = "<group>";
		};
		B169353B243F187C009F5C01 /* Adapter */ = {
			isa = PBXGroup;
			children = (
				B14C2FB224665D380078CD4A /* AdapterViewController.h */,
				B14C2FB324665D380078CD4A /* AdapterViewController.m */,
				B14C2FB524665E530078CD4A /* MediaPlayer.h */,
				B14C2FBD246662090078CD4A /* AudioPlayer.h */,
				B14C2FBE246662090078CD4A /* AudioPlayer.m */,
				B14C2FC024667F3A0078CD4A /* MediaAdapter.h */,
				B14C2FC124667F3A0078CD4A /* MediaAdapter.m */,
				B14C2FB724665F6B0078CD4A /* VlcPlayer.h */,
				B14C2FB824665F6B0078CD4A /* VlcPlayer.m */,
				B14C2FBA24665F7B0078CD4A /* MP4Player.h */,
				B14C2FBB24665F7B0078CD4A /* MP4Player.m */,
				B14C2FB624665E690078CD4A /* AdvancedMediaPlayer.h */,
			);
			path = Adapter;
			sourceTree = "<group>";
		};
		B169353C243F187C009F5C01 /* Composite */ = {
			isa = PBXGroup;
			children = (
				B13C8F78248624EC00716B7D /* CompositeViewController.h */,
				B13C8F79248624EC00716B7D /* CompositeViewController.m */,
				B13C8F7E248625A100716B7D /* Employee.h */,
				B13C8F7F248625A100716B7D /* Employee.m */,
			);
			path = Composite;
			sourceTree = "<group>";
		};
		B169353D243F187C009F5C01 /* Filter */ = {
			isa = PBXGroup;
			children = (
				B14875CF2480E1BD00D9B216 /* FilterViewController.h */,
				B14875D02480E1BD00D9B216 /* FilterViewController.m */,
				B14875D22480E1EA00D9B216 /* Fperson.h */,
				B14875D32480E1EA00D9B216 /* Fperson.m */,
				B14875D52480E22F00D9B216 /* FCriteria.h */,
				B14875D62480E28300D9B216 /* AndCriteria.h */,
				B14875D72480E28300D9B216 /* AndCriteria.m */,
				B14875D92480E29F00D9B216 /* OrCriteria.h */,
				B14875DA2480E29F00D9B216 /* OrCriteria.m */,
				B14875DC2480E2B900D9B216 /* MaleCriteria.h */,
				B14875DD2480E2B900D9B216 /* MaleCriteria.m */,
				B14875DF2480E2CD00D9B216 /* FemaleCriteria.h */,
				B14875E02480E2CD00D9B216 /* FemaleCriteria.m */,
				B14875E22480F3F700D9B216 /* MarriedCriteria.h */,
				B14875E32480F3F700D9B216 /* MarriedCriteria.m */,
			);
			path = Filter;
			sourceTree = "<group>";
		};
		B169353E243F187C009F5C01 /* Flyweight */ = {
			isa = PBXGroup;
			children = (
				B13C8FA92487D8C900716B7D /* FlyweightViewController.h */,
				B13C8FAA2487D8C900716B7D /* FlyweightViewController.m */,
				B13C8FAC2487D90700716B7D /* FCircle.h */,
				B13C8FAD2487D90700716B7D /* FCircle.m */,
				B13C8FAF2487D99D00716B7D /* FlyShapeFactory.h */,
				B13C8FB02487D99D00716B7D /* FlyShapeFactory.m */,
			);
			path = Flyweight;
			sourceTree = "<group>";
		};
		B169353F243F187C009F5C01 /* CreationalPatterns */ = {
			isa = PBXGroup;
			children = (
				B1693540243F187C009F5C01 /* Abstract Factory */,
				B1693541243F187C009F5C01 /* Prototype */,
				B1693542243F187C009F5C01 /* Singleton */,
				B1693543243F187C009F5C01 /* Builder */,
				B1693544243F187C009F5C01 /* Factory */,
			);
			path = CreationalPatterns;
			sourceTree = "<group>";
		};
		B1693540243F187C009F5C01 /* Abstract Factory */ = {
			isa = PBXGroup;
			children = (
				B1A5BF3E244D563600BB69DA /* AbstractFactoryViewController.h */,
				B1A5BF3F244D563600BB69DA /* AbstractFactoryViewController.m */,
				B1A5BF41244D567600BB69DA /* AbstractFactory.h */,
				B1A5BF48244D56D300BB69DA /* AShape.h */,
				B1A5BF56244D581100BB69DA /* ACircle.h */,
				B1A5BF57244D581100BB69DA /* ACircle.m */,
				B1A5BF59244D584700BB69DA /* ARect.h */,
				B1A5BF5A244D584700BB69DA /* ARect.m */,
				B1A5BF5C244D588D00BB69DA /* ATriangle.h */,
				B1A5BF5D244D588D00BB69DA /* ATriangle.m */,
				B1A5BF49244D56DE00BB69DA /* AColor.h */,
				B1A5BF4A244D574200BB69DA /* ARed.h */,
				B1A5BF4B244D574200BB69DA /* ARed.m */,
				B1A5BF4D244D575600BB69DA /* AYellow.h */,
				B1A5BF4E244D575600BB69DA /* AYellow.m */,
				B1A5BF50244D576400BB69DA /* ABlue.h */,
				B1A5BF51244D576400BB69DA /* ABlue.m */,
				B1A5BF42244D569C00BB69DA /* AColorFactory.h */,
				B1A5BF43244D569C00BB69DA /* AColorFactory.m */,
				B1A5BF45244D56B000BB69DA /* AShapeFactory.h */,
				B1A5BF46244D56B000BB69DA /* AShapeFactory.m */,
				B1A5BF53244D57FE00BB69DA /* FactoryProducer.h */,
				B1A5BF54244D57FE00BB69DA /* FactoryProducer.m */,
			);
			path = "Abstract Factory";
			sourceTree = "<group>";
		};
		B1693541243F187C009F5C01 /* Prototype */ = {
			isa = PBXGroup;
			children = (
				B1A5BF88244DDCF700BB69DA /* PrototypeViewController.h */,
				B1A5BF89244DDCF700BB69DA /* PrototypeViewController.m */,
				B1A5BF8B244DDD4F00BB69DA /* Prototype.h */,
				B1A5BF8C244DDD9900BB69DA /* PrototypeModel.h */,
				B1A5BF8D244DDD9900BB69DA /* PrototypeModel.m */,
				B14C2FA3246650380078CD4A /* ProtoShape.h */,
				B14C2FA4246650380078CD4A /* ProtoShape.m */,
				B14C2FA6246650610078CD4A /* ProtoCircle.h */,
				B14C2FA7246650610078CD4A /* ProtoCircle.m */,
				B14C2FA92466506F0078CD4A /* ProtoRectangle.h */,
				B14C2FAA2466506F0078CD4A /* ProtoRectangle.m */,
				B14C2FAC2466507A0078CD4A /* ProtoSquare.h */,
				B14C2FAD2466507A0078CD4A /* ProtoSquare.m */,
				B14C2FAF246650980078CD4A /* ShapeCache.h */,
				B14C2FB0246650980078CD4A /* ShapeCache.m */,
			);
			path = Prototype;
			sourceTree = "<group>";
		};
		B1693542243F187C009F5C01 /* Singleton */ = {
			isa = PBXGroup;
			children = (
				B1A5BF5F244D742700BB69DA /* SingletonViewController.h */,
				B1A5BF60244D742700BB69DA /* SingletonViewController.m */,
				B1A5BF62244D743A00BB69DA /* Singleton.h */,
				B1A5BF63244D743A00BB69DA /* Singleton.m */,
			);
			path = Singleton;
			sourceTree = "<group>";
		};
		B1693543243F187C009F5C01 /* Builder */ = {
			isa = PBXGroup;
			children = (
				B1A5BF65244D75E100BB69DA /* BuilderViewController.h */,
				B1A5BF66244D75E100BB69DA /* BuilderViewController.m */,
				B1A5BF68244D994B00BB69DA /* Packing.h */,
				B1A5BF69244D997700BB69DA /* Item.h */,
				B1A5BF6A244D9DCD00BB69DA /* Wrapper.h */,
				B1A5BF6B244D9DCD00BB69DA /* Wrapper.m */,
				B1A5BF6D244D9DE600BB69DA /* Bottles.h */,
				B1A5BF6E244D9DE600BB69DA /* Bottles.m */,
				B1A5BF70244DAA5D00BB69DA /* Burger.h */,
				B1A5BF71244DAA5D00BB69DA /* Burger.m */,
				B1A5BF76244DAB5400BB69DA /* VerBurger.h */,
				B1A5BF77244DAB5400BB69DA /* VerBurger.m */,
				B1A5BF79244DAB6500BB69DA /* ChickenBurger.h */,
				B1A5BF7A244DAB6500BB69DA /* ChickenBurger.m */,
				B1A5BF73244DAAF300BB69DA /* ColdDrink.h */,
				B1A5BF74244DAAF300BB69DA /* ColdDrink.m */,
				B1A5BF7C244DAB8300BB69DA /* Pepsi.h */,
				B1A5BF7D244DAB8300BB69DA /* Pepsi.m */,
				B1A5BF7F244DAB9200BB69DA /* Coke.h */,
				B1A5BF80244DAB9200BB69DA /* Coke.m */,
				B1A5BF82244DACCB00BB69DA /* Meal.h */,
				B1A5BF83244DACCB00BB69DA /* Meal.m */,
				B1A5BF85244DACDB00BB69DA /* MealBuilder.h */,
				B1A5BF86244DACDB00BB69DA /* MealBuilder.m */,
			);
			path = Builder;
			sourceTree = "<group>";
		};
		B1693544243F187C009F5C01 /* Factory */ = {
			isa = PBXGroup;
			children = (
				B1693552243F18DE009F5C01 /* FactoryViewController.h */,
				B1693553243F18DE009F5C01 /* FactoryViewController.m */,
				B1693555243F273E009F5C01 /* Shape.h */,
				B1693556243F2782009F5C01 /* Square.h */,
				B1693557243F2782009F5C01 /* Square.m */,
				B1693559243F2799009F5C01 /* Circle.h */,
				B169355A243F2799009F5C01 /* Circle.m */,
				B169355C243F27A8009F5C01 /* Rectangle.h */,
				B169355D243F27A8009F5C01 /* Rectangle.m */,
				B169355F243F2885009F5C01 /* ShapeFactory.h */,
				B1693560243F2885009F5C01 /* ShapeFactory.m */,
			);
			path = Factory;
			sourceTree = "<group>";
		};
		B1693545243F187C009F5C01 /* BehavioralPatterns */ = {
			isa = PBXGroup;
			children = (
				B1693546243F187C009F5C01 /* Interpreter */,
				B1693547243F187C009F5C01 /* NullObject */,
				B1693548243F187C009F5C01 /* Template */,
				B1693549243F187C009F5C01 /* Observer */,
				B169354A243F187C009F5C01 /* memento */,
				B169354B243F187C009F5C01 /* State */,
				B169354C243F187C009F5C01 /* Iterator */,
				B169354D243F187C009F5C01 /* visitor */,
				B169354E243F187C009F5C01 /* ChainOfResponsibility */,
				B169354F243F187C009F5C01 /* Command */,
				B1693550243F187C009F5C01 /* Mediator */,
				B1693551243F187C009F5C01 /* Strategy */,
			);
			path = BehavioralPatterns;
			sourceTree = "<group>";
		};
		B1693546243F187C009F5C01 /* Interpreter */ = {
			isa = PBXGroup;
			children = (
				B15267B6248DEF9B00FA87F5 /* InterpreterViewController.h */,
				B15267B7248DEF9B00FA87F5 /* InterpreterViewController.m */,
			);
			path = Interpreter;
			sourceTree = "<group>";
		};
		B1693547243F187C009F5C01 /* NullObject */ = {
			isa = PBXGroup;
			children = (
			);
			path = NullObject;
			sourceTree = "<group>";
		};
		B1693548243F187C009F5C01 /* Template */ = {
			isa = PBXGroup;
			children = (
				B15526202494ACC100B9748A /* TemplateViewController.h */,
				B15526212494ACC100B9748A /* TemplateViewController.m */,
				B15526232494ACCC00B9748A /* Game.h */,
				B15526242494ACCC00B9748A /* Game.m */,
				B15526262494AD0B00B9748A /* Cricket.h */,
				B15526272494AD0B00B9748A /* Cricket.m */,
				B15526292494AD1300B9748A /* Football.h */,
				B155262A2494AD1300B9748A /* Football.m */,
			);
			path = Template;
			sourceTree = "<group>";
		};
		B1693549243F187C009F5C01 /* Observer */ = {
			isa = PBXGroup;
			children = (
			);
			path = Observer;
			sourceTree = "<group>";
		};
		B169354A243F187C009F5C01 /* memento */ = {
			isa = PBXGroup;
			children = (
				B155262C2494B1F800B9748A /* MementoViewController.h */,
				B155262D2494B1F800B9748A /* MementoViewController.m */,
				B155262F2494B21100B9748A /* Memento.h */,
				B15526302494B21100B9748A /* Memento.m */,
				B15526322494B21F00B9748A /* CareTaker.h */,
				B15526332494B21F00B9748A /* CareTaker.m */,
				B15526352494B23000B9748A /* Originer.h */,
				B15526362494B23000B9748A /* Originer.m */,
			);
			path = memento;
			sourceTree = "<group>";
		};
		B169354B243F187C009F5C01 /* State */ = {
			isa = PBXGroup;
			children = (
				B15267B9248E0D4800FA87F5 /* StateViewController.h */,
				B15267BA248E0D4800FA87F5 /* StateViewController.m */,
				B15267BC248E0D7600FA87F5 /* Scontext.h */,
				B15267BD248E0D7600FA87F5 /* Scontext.m */,
				B15267BF248E0D8300FA87F5 /* StopState.h */,
				B15267C0248E0D8300FA87F5 /* StopState.m */,
				B15267C2248E0D8E00FA87F5 /* StartState.h */,
				B15267C3248E0D8E00FA87F5 /* StartState.m */,
				B15267C5248E0DA700FA87F5 /* State.h */,
			);
			path = State;
			sourceTree = "<group>";
		};
		B169354C243F187C009F5C01 /* Iterator */ = {
			isa = PBXGroup;
			children = (
			);
			path = Iterator;
			sourceTree = "<group>";
		};
		B169354D243F187C009F5C01 /* visitor */ = {
			isa = PBXGroup;
			children = (
			);
			path = visitor;
			sourceTree = "<group>";
		};
		B169354E243F187C009F5C01 /* ChainOfResponsibility */ = {
			isa = PBXGroup;
			children = (
				B15267942489F01800FA87F5 /* ChainViewController.h */,
				B15267952489F01800FA87F5 /* ChainViewController.m */,
				B15267972489F45200FA87F5 /* AbstractLogger.h */,
				B15267982489F45200FA87F5 /* AbstractLogger.m */,
				B152679A2489F48400FA87F5 /* FileLogger.h */,
				B152679B2489F48400FA87F5 /* FileLogger.m */,
				B152679D2489F49200FA87F5 /* StandardLogger.h */,
				B152679E2489F49200FA87F5 /* StandardLogger.m */,
				B15267A02489F50D00FA87F5 /* ErrorLogger.h */,
				B15267A12489F50D00FA87F5 /* ErrorLogger.m */,
			);
			path = ChainOfResponsibility;
			sourceTree = "<group>";
		};
		B169354F243F187C009F5C01 /* Command */ = {
			isa = PBXGroup;
			children = (
				B15267A3248DE64B00FA87F5 /* CommandViewController.h */,
				B15267A4248DE64B00FA87F5 /* CommandViewController.m */,
				B15267A6248DE66600FA87F5 /* Corders.h */,
				B15267A7248DE6AB00FA87F5 /* CSellOrder.h */,
				B15267A8248DE6AB00FA87F5 /* CSellOrder.m */,
				B15267AA248DE6B700FA87F5 /* CBuyOrder.h */,
				B15267AB248DE6B700FA87F5 /* CBuyOrder.m */,
				B15267AD248DE73000FA87F5 /* Stock.h */,
				B15267AE248DE73000FA87F5 /* Stock.m */,
				B15267B0248DE81700FA87F5 /* Broker.h */,
				B15267B1248DE81700FA87F5 /* Broker.m */,
			);
			path = Command;
			sourceTree = "<group>";
		};
		B1693550243F187C009F5C01 /* Mediator */ = {
			isa = PBXGroup;
			children = (
				B15526382494BA9900B9748A /* ChatRoom.h */,
				B15526392494BA9900B9748A /* ChatRoom.m */,
				B155263B2494BAA300B9748A /* ChatUser.h */,
				B155263C2494BAA300B9748A /* ChatUser.m */,
				B155263E2494BAB400B9748A /* MediatorViewController.h */,
				B155263F2494BAB400B9748A /* MediatorViewController.m */,
			);
			path = Mediator;
			sourceTree = "<group>";
		};
		B1693551243F187C009F5C01 /* Strategy */ = {
			isa = PBXGroup;
			children = (
			);
			path = Strategy;
			sourceTree = "<group>";
		};
/* End PBXGroup section */

/* Begin PBXNativeTarget section */
		B16934FD243F15B9009F5C01 /* PatternsDemo */ = {
			isa = PBXNativeTarget;
			buildConfigurationList = B169352D243F15BB009F5C01 /* Build configuration list for PBXNativeTarget "PatternsDemo" */;
			buildPhases = (
				B16934FA243F15B9009F5C01 /* Sources */,
				B16934FB243F15B9009F5C01 /* Frameworks */,
				B16934FC243F15B9009F5C01 /* Resources */,
			);
			buildRules = (
			);
			dependencies = (
			);
			name = PatternsDemo;
			productName = PatternsDemo;
			productReference = B16934FE243F15B9009F5C01 /* PatternsDemo.app */;
			productType = "com.apple.product-type.application";
		};
		B1693518243F15BB009F5C01 /* PatternsDemoTests */ = {
			isa = PBXNativeTarget;
			buildConfigurationList = B1693530243F15BB009F5C01 /* Build configuration list for PBXNativeTarget "PatternsDemoTests" */;
			buildPhases = (
				B1693515243F15BB009F5C01 /* Sources */,
				B1693516243F15BB009F5C01 /* Frameworks */,
				B1693517243F15BB009F5C01 /* Resources */,
			);
			buildRules = (
			);
			dependencies = (
				B169351B243F15BB009F5C01 /* PBXTargetDependency */,
			);
			name = PatternsDemoTests;
			productName = PatternsDemoTests;
			productReference = B1693519243F15BB009F5C01 /* PatternsDemoTests.xctest */;
			productType = "com.apple.product-type.bundle.unit-test";
		};
		B1693523243F15BB009F5C01 /* PatternsDemoUITests */ = {
			isa = PBXNativeTarget;
			buildConfigurationList = B1693533243F15BB009F5C01 /* Build configuration list for PBXNativeTarget "PatternsDemoUITests" */;
			buildPhases = (
				B1693520243F15BB009F5C01 /* Sources */,
				B1693521243F15BB009F5C01 /* Frameworks */,
				B1693522243F15BB009F5C01 /* Resources */,
			);
			buildRules = (
			);
			dependencies = (
				B1693526243F15BB009F5C01 /* PBXTargetDependency */,
			);
			name = PatternsDemoUITests;
			productName = PatternsDemoUITests;
			productReference = B1693524243F15BB009F5C01 /* PatternsDemoUITests.xctest */;
			productType = "com.apple.product-type.bundle.ui-testing";
		};
/* End PBXNativeTarget section */

/* Begin PBXProject section */
		B16934F6243F15B9009F5C01 /* Project object */ = {
			isa = PBXProject;
			attributes = {
				LastUpgradeCheck = 1120;
				ORGANIZATIONNAME = lyl;
				TargetAttributes = {
					B16934FD243F15B9009F5C01 = {
						CreatedOnToolsVersion = 11.2.1;
					};
					B1693518243F15BB009F5C01 = {
						CreatedOnToolsVersion = 11.2.1;
						TestTargetID = B16934FD243F15B9009F5C01;
					};
					B1693523243F15BB009F5C01 = {
						CreatedOnToolsVersion = 11.2.1;
						TestTargetID = B16934FD243F15B9009F5C01;
					};
				};
			};
			buildConfigurationList = B16934F9243F15B9009F5C01 /* Build configuration list for PBXProject "PatternsDemo" */;
			compatibilityVersion = "Xcode 9.3";
			developmentRegion = en;
			hasScannedForEncodings = 0;
			knownRegions = (
				en,
				Base,
			);
			mainGroup = B16934F5243F15B9009F5C01;
			productRefGroup = B16934FF243F15B9009F5C01 /* Products */;
			projectDirPath = "";
			projectRoot = "";
			targets = (
				B16934FD243F15B9009F5C01 /* PatternsDemo */,
				B1693518243F15BB009F5C01 /* PatternsDemoTests */,
				B1693523243F15BB009F5C01 /* PatternsDemoUITests */,
			);
		};
/* End PBXProject section */

/* Begin PBXResourcesBuildPhase section */
		B16934FC243F15B9009F5C01 /* Resources */ = {
			isa = PBXResourcesBuildPhase;
			buildActionMask = 2147483647;
			files = (
				B1693511243F15BB009F5C01 /* LaunchScreen.storyboard in Resources */,
				B169350E243F15BB009F5C01 /* Assets.xcassets in Resources */,
				B169350C243F15B9009F5C01 /* Main.storyboard in Resources */,
			);
			runOnlyForDeploymentPostprocessing = 0;
		};
		B1693517243F15BB009F5C01 /* Resources */ = {
			isa = PBXResourcesBuildPhase;
			buildActionMask = 2147483647;
			files = (
			);
			runOnlyForDeploymentPostprocessing = 0;
		};
		B1693522243F15BB009F5C01 /* Resources */ = {
			isa = PBXResourcesBuildPhase;
			buildActionMask = 2147483647;
			files = (
			);
			runOnlyForDeploymentPostprocessing = 0;
		};
/* End PBXResourcesBuildPhase section */

/* Begin PBXSourcesBuildPhase section */
		B16934FA243F15B9009F5C01 /* Sources */ = {
			isa = PBXSourcesBuildPhase;
			buildActionMask = 2147483647;
			files = (
				B15267A9248DE6AB00FA87F5 /* CSellOrder.m in Sources */,
				B14C2FA5246650380078CD4A /* ProtoShape.m in Sources */,
				B15267C4248E0D8E00FA87F5 /* StartState.m in Sources */,
				B15526402494BAB400B9748A /* MediatorViewController.m in Sources */,
				B1A5BF4C244D574200BB69DA /* ARed.m in Sources */,
				B15267A22489F50D00FA87F5 /* ErrorLogger.m in Sources */,
				B14C2FB424665D380078CD4A /* AdapterViewController.m in Sources */,
				B1B6542C246E69AA00E2F09B /* BridgeViewController.m in Sources */,
				B13C8FB12487D99D00716B7D /* FlyShapeFactory.m in Sources */,
				B13C8F7D2486250800716B7D /* DecoratorViewController.m in Sources */,
				B15526312494B21100B9748A /* Memento.m in Sources */,
				B1693558243F2782009F5C01 /* Square.m in Sources */,
				B14875DE2480E2B900D9B216 /* MaleCriteria.m in Sources */,
				B1A5BF7E244DAB8300BB69DA /* Pepsi.m in Sources */,
				B155262B2494AD1300B9748A /* Football.m in Sources */,
				B1B6543A246E6B9400E2F09B /* BridgeShape.m in Sources */,
				B1A5BF5E244D588D00BB69DA /* ATriangle.m in Sources */,
				B14C2FC224667F3A0078CD4A /* MediaAdapter.m in Sources */,
				B1B65437246E6B6300E2F09B /* BridgeCircle.m in Sources */,
				B14875E12480E2CD00D9B216 /* FemaleCriteria.m in Sources */,
				B1693561243F2885009F5C01 /* ShapeFactory.m in Sources */,
				B169355B243F2799009F5C01 /* Circle.m in Sources */,
				B13C8F8C248755FF00716B7D /* ColorDecorator.m in Sources */,
				B15267A5248DE64B00FA87F5 /* CommandViewController.m in Sources */,
				B1A5BF40244D563600BB69DA /* AbstractFactoryViewController.m in Sources */,
				B1A5BF6C244D9DCD00BB69DA /* Wrapper.m in Sources */,
				B13C8F9B24877B7700716B7D /* RealImage.m in Sources */,
				B14C2FBF246662090078CD4A /* AudioPlayer.m in Sources */,
				B152679C2489F48400FA87F5 /* FileLogger.m in Sources */,
				B14C2FAB2466506F0078CD4A /* ProtoRectangle.m in Sources */,
				B1A5BF47244D56B000BB69DA /* AShapeFactory.m in Sources */,
				B15526282494AD0B00B9748A /* Cricket.m in Sources */,
				B14C2FAE2466507A0078CD4A /* ProtoSquare.m in Sources */,
				B1A5BF44244D569C00BB69DA /* AColorFactory.m in Sources */,
				B155262E2494B1F800B9748A /* MementoViewController.m in Sources */,
				B1A5BF6F244D9DE600BB69DA /* Bottles.m in Sources */,
				B14C2FB1246650980078CD4A /* ShapeCache.m in Sources */,
				B155263D2494BAA300B9748A /* ChatUser.m in Sources */,
				B1693509243F15B9009F5C01 /* ViewController.m in Sources */,
				B1B65433246E6AA700E2F09B /* GreenCircle.m in Sources */,
				B13C8F862487554400716B7D /* Dcircle.m in Sources */,
				B15526222494ACC100B9748A /* TemplateViewController.m in Sources */,
				B1A5BF8A244DDCF700BB69DA /* PrototypeViewController.m in Sources */,
				B1A5BF78244DAB5400BB69DA /* VerBurger.m in Sources */,
				B1A5BF55244D57FE00BB69DA /* FactoryProducer.m in Sources */,
				B1A5BF87244DACDB00BB69DA /* MealBuilder.m in Sources */,
				B14C2FB924665F6B0078CD4A /* VlcPlayer.m in Sources */,
				B169355E243F27A8009F5C01 /* Rectangle.m in Sources */,
				B152679F2489F49200FA87F5 /* StandardLogger.m in Sources */,
				B15267BE248E0D7600FA87F5 /* Scontext.m in Sources */,
				B155263A2494BA9900B9748A /* ChatRoom.m in Sources */,
				B1A5BF52244D576400BB69DA /* ABlue.m in Sources */,
				B13C8F80248625A100716B7D /* Employee.m in Sources */,
				B15267B2248DE81700FA87F5 /* Broker.m in Sources */,
				B13C8F92248773F900716B7D /* FacadeViewController.m in Sources */,
				B13C8F9824877B5900716B7D /* ProxyViewController.m in Sources */,
				B15267AC248DE6B700FA87F5 /* CBuyOrder.m in Sources */,
				B15526342494B21F00B9748A /* CareTaker.m in Sources */,
				B14875DB2480E29F00D9B216 /* OrCriteria.m in Sources */,
				B1A5BF67244D75E100BB69DA /* BuilderViewController.m in Sources */,
				B15267C1248E0D8300FA87F5 /* StopState.m in Sources */,
				B1693503243F15B9009F5C01 /* AppDelegate.m in Sources */,
				B14C2FBC24665F7B0078CD4A /* MP4Player.m in Sources */,
				B1693514243F15BB009F5C01 /* main.m in Sources */,
				B13C8F9E24877B8300716B7D /* ProxyImage.m in Sources */,
				B13C8F8F2487586C00716B7D /* RedColorDecorator.m in Sources */,
				B1A5BF61244D742700BB69DA /* SingletonViewController.m in Sources */,
				B15267AF248DE73000FA87F5 /* Stock.m in Sources */,
				B13C8F7A248624EC00716B7D /* CompositeViewController.m in Sources */,
				B1693554243F18DE009F5C01 /* FactoryViewController.m in Sources */,
				B1A5BF84244DACCB00BB69DA /* Meal.m in Sources */,
				B1693506243F15B9009F5C01 /* SceneDelegate.m in Sources */,
				B14C2FA8246650610078CD4A /* ProtoCircle.m in Sources */,
				B1A5BF5B244D584700BB69DA /* ARect.m in Sources */,
				B14875E42480F3F700D9B216 /* MarriedCriteria.m in Sources */,
				B15526252494ACCC00B9748A /* Game.m in Sources */,
				B1A5BF7B244DAB6500BB69DA /* ChickenBurger.m in Sources */,
				B13C8FAB2487D8C900716B7D /* FlyweightViewController.m in Sources */,
				B13C8FAE2487D90700716B7D /* FCircle.m in Sources */,
				B1A5BF64244D743A00BB69DA /* Singleton.m in Sources */,
				B13C8F952487742300716B7D /* ShapeMaker.m in Sources */,
				B15267BB248E0D4800FA87F5 /* StateViewController.m in Sources */,
				B14875D82480E28300D9B216 /* AndCriteria.m in Sources */,
				B14875D12480E1BD00D9B216 /* FilterViewController.m in Sources */,
				B15267B8248DEF9B00FA87F5 /* InterpreterViewController.m in Sources */,
				B14875D42480E1EA00D9B216 /* Fperson.m in Sources */,
				B1B65430246E6A8100E2F09B /* RedCircle.m in Sources */,
				B1A5BF81244DAB9200BB69DA /* Coke.m in Sources */,
				B1A5BF75244DAAF300BB69DA /* ColdDrink.m in Sources */,
				B15267962489F01800FA87F5 /* ChainViewController.m in Sources */,
				B1A5BF58244D581100BB69DA /* ACircle.m in Sources */,
				B15267992489F45200FA87F5 /* AbstractLogger.m in Sources */,
				B1A5BF4F244D575600BB69DA /* AYellow.m in Sources */,
				B1A5BF8E244DDD9900BB69DA /* PrototypeModel.m in Sources */,
				B1A5BF72244DAA5D00BB69DA /* Burger.m in Sources */,
				B15526372494B23000B9748A /* Originer.m in Sources */,
				B13C8F892487555900716B7D /* Drectangle.m in Sources */,
			);
			runOnlyForDeploymentPostprocessing = 0;
		};
		B1693515243F15BB009F5C01 /* Sources */ = {
			isa = PBXSourcesBuildPhase;
			buildActionMask = 2147483647;
			files = (
				B169351E243F15BB009F5C01 /* PatternsDemoTests.m in Sources */,
			);
			runOnlyForDeploymentPostprocessing = 0;
		};
		B1693520243F15BB009F5C01 /* Sources */ = {
			isa = PBXSourcesBuildPhase;
			buildActionMask = 2147483647;
			files = (
				B1693529243F15BB009F5C01 /* PatternsDemoUITests.m in Sources */,
			);
			runOnlyForDeploymentPostprocessing = 0;
		};
/* End PBXSourcesBuildPhase section */

/* Begin PBXTargetDependency section */
		B169351B243F15BB009F5C01 /* PBXTargetDependency */ = {
			isa = PBXTargetDependency;
			target = B16934FD243F15B9009F5C01 /* PatternsDemo */;
			targetProxy = B169351A243F15BB009F5C01 /* PBXContainerItemProxy */;
		};
		B1693526243F15BB009F5C01 /* PBXTargetDependency */ = {
			isa = PBXTargetDependency;
			target = B16934FD243F15B9009F5C01 /* PatternsDemo */;
			targetProxy = B1693525243F15BB009F5C01 /* PBXContainerItemProxy */;
		};
/* End PBXTargetDependency section */

/* Begin PBXVariantGroup section */
		B169350A243F15B9009F5C01 /* Main.storyboard */ = {
			isa = PBXVariantGroup;
			children = (
				B169350B243F15B9009F5C01 /* Base */,
			);
			name = Main.storyboard;
			sourceTree = "<group>";
		};
		B169350F243F15BB009F5C01 /* LaunchScreen.storyboard */ = {
			isa = PBXVariantGroup;
			children = (
				B1693510243F15BB009F5C01 /* Base */,
			);
			name = LaunchScreen.storyboard;
			sourceTree = "<group>";
		};
/* End PBXVariantGroup section */

/* Begin XCBuildConfiguration section */
		B169352B243F15BB009F5C01 /* Debug */ = {
			isa = XCBuildConfiguration;
			buildSettings = {
				ALWAYS_SEARCH_USER_PATHS = NO;
				CLANG_ANALYZER_NONNULL = YES;
				CLANG_ANALYZER_NUMBER_OBJECT_CONVERSION = YES_AGGRESSIVE;
				CLANG_CXX_LANGUAGE_STANDARD = "gnu++14";
				CLANG_CXX_LIBRARY = "libc++";
				CLANG_ENABLE_MODULES = YES;
				CLANG_ENABLE_OBJC_ARC = YES;
				CLANG_ENABLE_OBJC_WEAK = YES;
				CLANG_WARN_BLOCK_CAPTURE_AUTORELEASING = YES;
				CLANG_WARN_BOOL_CONVERSION = YES;
				CLANG_WARN_COMMA = YES;
				CLANG_WARN_CONSTANT_CONVERSION = YES;
				CLANG_WARN_DEPRECATED_OBJC_IMPLEMENTATIONS = YES;
				CLANG_WARN_DIRECT_OBJC_ISA_USAGE = YES_ERROR;
				CLANG_WARN_DOCUMENTATION_COMMENTS = YES;
				CLANG_WARN_EMPTY_BODY = YES;
				CLANG_WARN_ENUM_CONVERSION = YES;
				CLANG_WARN_INFINITE_RECURSION = YES;
				CLANG_WARN_INT_CONVERSION = YES;
				CLANG_WARN_NON_LITERAL_NULL_CONVERSION = YES;
				CLANG_WARN_OBJC_IMPLICIT_RETAIN_SELF = YES;
				CLANG_WARN_OBJC_LITERAL_CONVERSION = YES;
				CLANG_WARN_OBJC_ROOT_CLASS = YES_ERROR;
				CLANG_WARN_RANGE_LOOP_ANALYSIS = YES;
				CLANG_WARN_STRICT_PROTOTYPES = YES;
				CLANG_WARN_SUSPICIOUS_MOVE = YES;
				CLANG_WARN_UNGUARDED_AVAILABILITY = YES_AGGRESSIVE;
				CLANG_WARN_UNREACHABLE_CODE = YES;
				CLANG_WARN__DUPLICATE_METHOD_MATCH = YES;
				COPY_PHASE_STRIP = NO;
				DEBUG_INFORMATION_FORMAT = dwarf;
				ENABLE_STRICT_OBJC_MSGSEND = YES;
				ENABLE_TESTABILITY = YES;
				GCC_C_LANGUAGE_STANDARD = gnu11;
				GCC_DYNAMIC_NO_PIC = NO;
				GCC_NO_COMMON_BLOCKS = YES;
				GCC_OPTIMIZATION_LEVEL = 0;
				GCC_PREPROCESSOR_DEFINITIONS = (
					"DEBUG=1",
					"$(inherited)",
				);
				GCC_WARN_64_TO_32_BIT_CONVERSION = YES;
				GCC_WARN_ABOUT_RETURN_TYPE = YES_ERROR;
				GCC_WARN_UNDECLARED_SELECTOR = YES;
				GCC_WARN_UNINITIALIZED_AUTOS = YES_AGGRESSIVE;
				GCC_WARN_UNUSED_FUNCTION = YES;
				GCC_WARN_UNUSED_VARIABLE = YES;
				IPHONEOS_DEPLOYMENT_TARGET = 13.2;
				MTL_ENABLE_DEBUG_INFO = INCLUDE_SOURCE;
				MTL_FAST_MATH = YES;
				ONLY_ACTIVE_ARCH = YES;
				SDKROOT = iphoneos;
			};
			name = Debug;
		};
		B169352C243F15BB009F5C01 /* Release */ = {
			isa = XCBuildConfiguration;
			buildSettings = {
				ALWAYS_SEARCH_USER_PATHS = NO;
				CLANG_ANALYZER_NONNULL = YES;
				CLANG_ANALYZER_NUMBER_OBJECT_CONVERSION = YES_AGGRESSIVE;
				CLANG_CXX_LANGUAGE_STANDARD = "gnu++14";
				CLANG_CXX_LIBRARY = "libc++";
				CLANG_ENABLE_MODULES = YES;
				CLANG_ENABLE_OBJC_ARC = YES;
				CLANG_ENABLE_OBJC_WEAK = YES;
				CLANG_WARN_BLOCK_CAPTURE_AUTORELEASING = YES;
				CLANG_WARN_BOOL_CONVERSION = YES;
				CLANG_WARN_COMMA = YES;
				CLANG_WARN_CONSTANT_CONVERSION = YES;
				CLANG_WARN_DEPRECATED_OBJC_IMPLEMENTATIONS = YES;
				CLANG_WARN_DIRECT_OBJC_ISA_USAGE = YES_ERROR;
				CLANG_WARN_DOCUMENTATION_COMMENTS = YES;
				CLANG_WARN_EMPTY_BODY = YES;
				CLANG_WARN_ENUM_CONVERSION = YES;
				CLANG_WARN_INFINITE_RECURSION = YES;
				CLANG_WARN_INT_CONVERSION = YES;
				CLANG_WARN_NON_LITERAL_NULL_CONVERSION = YES;
				CLANG_WARN_OBJC_IMPLICIT_RETAIN_SELF = YES;
				CLANG_WARN_OBJC_LITERAL_CONVERSION = YES;
				CLANG_WARN_OBJC_ROOT_CLASS = YES_ERROR;
				CLANG_WARN_RANGE_LOOP_ANALYSIS = YES;
				CLANG_WARN_STRICT_PROTOTYPES = YES;
				CLANG_WARN_SUSPICIOUS_MOVE = YES;
				CLANG_WARN_UNGUARDED_AVAILABILITY = YES_AGGRESSIVE;
				CLANG_WARN_UNREACHABLE_CODE = YES;
				CLANG_WARN__DUPLICATE_METHOD_MATCH = YES;
				COPY_PHASE_STRIP = NO;
				DEBUG_INFORMATION_FORMAT = "dwarf-with-dsym";
				ENABLE_NS_ASSERTIONS = NO;
				ENABLE_STRICT_OBJC_MSGSEND = YES;
				GCC_C_LANGUAGE_STANDARD = gnu11;
				GCC_NO_COMMON_BLOCKS = YES;
				GCC_WARN_64_TO_32_BIT_CONVERSION = YES;
				GCC_WARN_ABOUT_RETURN_TYPE = YES_ERROR;
				GCC_WARN_UNDECLARED_SELECTOR = YES;
				GCC_WARN_UNINITIALIZED_AUTOS = YES_AGGRESSIVE;
				GCC_WARN_UNUSED_FUNCTION = YES;
				GCC_WARN_UNUSED_VARIABLE = YES;
				IPHONEOS_DEPLOYMENT_TARGET = 13.2;
				MTL_ENABLE_DEBUG_INFO = NO;
				MTL_FAST_MATH = YES;
				SDKROOT = iphoneos;
				VALIDATE_PRODUCT = YES;
			};
			name = Release;
		};
		B169352E243F15BB009F5C01 /* Debug */ = {
			isa = XCBuildConfiguration;
			buildSettings = {
				ASSETCATALOG_COMPILER_APPICON_NAME = AppIcon;
				CODE_SIGN_STYLE = Automatic;
				DEVELOPMENT_TEAM = AXLYJRZANP;
				INFOPLIST_FILE = PatternsDemo/Info.plist;
				LD_RUNPATH_SEARCH_PATHS = (
					"$(inherited)",
					"@executable_path/Frameworks",
				);
				PRODUCT_BUNDLE_IDENTIFIER = com.PatternsDemo;
				PRODUCT_NAME = "$(TARGET_NAME)";
				TARGETED_DEVICE_FAMILY = "1,2";
			};
			name = Debug;
		};
		B169352F243F15BB009F5C01 /* Release */ = {
			isa = XCBuildConfiguration;
			buildSettings = {
				ASSETCATALOG_COMPILER_APPICON_NAME = AppIcon;
				CODE_SIGN_STYLE = Automatic;
				DEVELOPMENT_TEAM = AXLYJRZANP;
				INFOPLIST_FILE = PatternsDemo/Info.plist;
				LD_RUNPATH_SEARCH_PATHS = (
					"$(inherited)",
					"@executable_path/Frameworks",
				);
				PRODUCT_BUNDLE_IDENTIFIER = com.PatternsDemo;
				PRODUCT_NAME = "$(TARGET_NAME)";
				TARGETED_DEVICE_FAMILY = "1,2";
			};
			name = Release;
		};
		B1693531243F15BB009F5C01 /* Debug */ = {
			isa = XCBuildConfiguration;
			buildSettings = {
				BUNDLE_LOADER = "$(TEST_HOST)";
				CODE_SIGN_STYLE = Automatic;
				INFOPLIST_FILE = PatternsDemoTests/Info.plist;
				IPHONEOS_DEPLOYMENT_TARGET = 13.2;
				LD_RUNPATH_SEARCH_PATHS = (
					"$(inherited)",
					"@executable_path/Frameworks",
					"@loader_path/Frameworks",
				);
				PRODUCT_BUNDLE_IDENTIFIER = com.PatternsDemoTests;
				PRODUCT_NAME = "$(TARGET_NAME)";
				TARGETED_DEVICE_FAMILY = "1,2";
				TEST_HOST = "$(BUILT_PRODUCTS_DIR)/PatternsDemo.app/PatternsDemo";
			};
			name = Debug;
		};
		B1693532243F15BB009F5C01 /* Release */ = {
			isa = XCBuildConfiguration;
			buildSettings = {
				BUNDLE_LOADER = "$(TEST_HOST)";
				CODE_SIGN_STYLE = Automatic;
				INFOPLIST_FILE = PatternsDemoTests/Info.plist;
				IPHONEOS_DEPLOYMENT_TARGET = 13.2;
				LD_RUNPATH_SEARCH_PATHS = (
					"$(inherited)",
					"@executable_path/Frameworks",
					"@loader_path/Frameworks",
				);
				PRODUCT_BUNDLE_IDENTIFIER = com.PatternsDemoTests;
				PRODUCT_NAME = "$(TARGET_NAME)";
				TARGETED_DEVICE_FAMILY = "1,2";
				TEST_HOST = "$(BUILT_PRODUCTS_DIR)/PatternsDemo.app/PatternsDemo";
			};
			name = Release;
		};
		B1693534243F15BB009F5C01 /* Debug */ = {
			isa = XCBuildConfiguration;
			buildSettings = {
				CODE_SIGN_STYLE = Automatic;
				INFOPLIST_FILE = PatternsDemoUITests/Info.plist;
				LD_RUNPATH_SEARCH_PATHS = (
					"$(inherited)",
					"@executable_path/Frameworks",
					"@loader_path/Frameworks",
				);
				PRODUCT_BUNDLE_IDENTIFIER = com.PatternsDemoUITests;
				PRODUCT_NAME = "$(TARGET_NAME)";
				TARGETED_DEVICE_FAMILY = "1,2";
				TEST_TARGET_NAME = PatternsDemo;
			};
			name = Debug;
		};
		B1693535243F15BB009F5C01 /* Release */ = {
			isa = XCBuildConfiguration;
			buildSettings = {
				CODE_SIGN_STYLE = Automatic;
				INFOPLIST_FILE = PatternsDemoUITests/Info.plist;
				LD_RUNPATH_SEARCH_PATHS = (
					"$(inherited)",
					"@executable_path/Frameworks",
					"@loader_path/Frameworks",
				);
				PRODUCT_BUNDLE_IDENTIFIER = com.PatternsDemoUITests;
				PRODUCT_NAME = "$(TARGET_NAME)";
				TARGETED_DEVICE_FAMILY = "1,2";
				TEST_TARGET_NAME = PatternsDemo;
			};
			name = Release;
		};
/* End XCBuildConfiguration section */

/* Begin XCConfigurationList section */
		B16934F9243F15B9009F5C01 /* Build configuration list for PBXProject "PatternsDemo" */ = {
			isa = XCConfigurationList;
			buildConfigurations = (
				B169352B243F15BB009F5C01 /* Debug */,
				B169352C243F15BB009F5C01 /* Release */,
			);
			defaultConfigurationIsVisible = 0;
			defaultConfigurationName = Release;
		};
		B169352D243F15BB009F5C01 /* Build configuration list for PBXNativeTarget "PatternsDemo" */ = {
			isa = XCConfigurationList;
			buildConfigurations = (
				B169352E243F15BB009F5C01 /* Debug */,
				B169352F243F15BB009F5C01 /* Release */,
			);
			defaultConfigurationIsVisible = 0;
			defaultConfigurationName = Release;
		};
		B1693530243F15BB009F5C01 /* Build configuration list for PBXNativeTarget "PatternsDemoTests" */ = {
			isa = XCConfigurationList;
			buildConfigurations = (
				B1693531243F15BB009F5C01 /* Debug */,
				B1693532243F15BB009F5C01 /* Release */,
			);
			defaultConfigurationIsVisible = 0;
			defaultConfigurationName = Release;
		};
		B1693533243F15BB009F5C01 /* Build configuration list for PBXNativeTarget "PatternsDemoUITests" */ = {
			isa = XCConfigurationList;
			buildConfigurations = (
				B1693534243F15BB009F5C01 /* Debug */,
				B1693535243F15BB009F5C01 /* Release */,
			);
			defaultConfigurationIsVisible = 0;
			defaultConfigurationName = Release;
		};
/* End XCConfigurationList section */
	};
	rootObject = B16934F6243F15B9009F5C01 /* Project object */;
}
